
Microsoft Visual Studio Solution File, Format Version 12.00
# Visual Studio 15
VisualStudioVersion = 15.0.28010.2036
MinimumVisualStudioVersion = 10.0.40219.1
Project("{FAE04EC0-301F-11D3-BF4B-00C04F79EFBC}") = "POC.Shell", "POC.Shell\POC.Shell.csproj", "{9762AAF5-1DEC-41DE-8325-11F608AABD40}"
	ProjectSection(ProjectDependencies) = postProject
		{6D506300-9618-4255-9F35-A2571F80CE26} = {6D506300-9618-4255-9F35-A2571F80CE26}
		{13889217-2347-4396-89A6-A596AAC30DB9} = {13889217-2347-4396-89A6-A596AAC30DB9}
		{37E9A324-CCD6-4C1C-9E49-E71E4BDABE4B} = {37E9A324-CCD6-4C1C-9E49-E71E4BDABE4B}
		{EECE9035-C5B4-4E01-9EF1-D626677F6C28} = {EECE9035-C5B4-4E01-9EF1-D626677F6C28}
		{EF76B337-DE7E-4EBF-AA96-FB1C330F00FC} = {EF76B337-DE7E-4EBF-AA96-FB1C330F00FC}
		{40E2CB42-815F-47AF-81E6-29F01F1CC476} = {40E2CB42-815F-47AF-81E6-29F01F1CC476}
		{786FE447-4DBA-456F-9BD1-2357AF835F47} = {786FE447-4DBA-456F-9BD1-2357AF835F47}
		{4BCF414B-52BA-4DD5-8A9B-BF84EC41651C} = {4BCF414B-52BA-4DD5-8A9B-BF84EC41651C}
		{709F0657-F875-401D-A26C-C8B2C2B3CCF5} = {709F0657-F875-401D-A26C-C8B2C2B3CCF5}
		{AA553857-57A1-4525-9DA4-50ED25D0D46F} = {AA553857-57A1-4525-9DA4-50ED25D0D46F}
		{8C93FE58-83C2-4CA8-BD4C-41AEBC4DBC0B} = {8C93FE58-83C2-4CA8-BD4C-41AEBC4DBC0B}
		{F4CBD465-F996-4650-A10F-AB58F2F7E21E} = {F4CBD465-F996-4650-A10F-AB58F2F7E21E}
		{D0F5B366-37ED-4442-AD64-87630C40D6AD} = {D0F5B366-37ED-4442-AD64-87630C40D6AD}
		{0FB0C267-F11B-4E95-B1B7-545AB616C658} = {0FB0C267-F11B-4E95-B1B7-545AB616C658}
		{97118E79-4F18-4EEB-8B81-EE43B77D0293} = {97118E79-4F18-4EEB-8B81-EE43B77D0293}
		{66AB9E92-9628-492E-9782-8E48BBCFA8E1} = {66AB9E92-9628-492E-9782-8E48BBCFA8E1}
		{CA5AD192-35CE-46D5-ABE4-A2E50214894F} = {CA5AD192-35CE-46D5-ABE4-A2E50214894F}
		{8CC7029A-A904-445C-B894-11B99BE46D9D} = {8CC7029A-A904-445C-B894-11B99BE46D9D}
		{D423CD9B-30CD-493E-BFB1-0DF4365A01B1} = {D423CD9B-30CD-493E-BFB1-0DF4365A01B1}
		{413FFDCB-4B44-4E7F-BB18-ADA13B9FE0EA} = {413FFDCB-4B44-4E7F-BB18-ADA13B9FE0EA}
		{A57169CE-8217-4D09-820B-7F3832EF9475} = {A57169CE-8217-4D09-820B-7F3832EF9475}
		{5943E9D0-8AF3-4CA0-9D6F-1CAC0768BAF6} = {5943E9D0-8AF3-4CA0-9D6F-1CAC0768BAF6}
		{419230D8-0B57-4EC2-BFB8-A032ACCA1D8A} = {419230D8-0B57-4EC2-BFB8-A032ACCA1D8A}
		{E69B30FA-4054-4533-8940-1DF4BC314E9F} = {E69B30FA-4054-4533-8940-1DF4BC314E9F}
	EndProjectSection
EndProject
Project("{2150E333-8FDC-42A3-9474-1A3956D46DE8}") = "Modules", "Modules", "{8DD7AE50-5CAD-4300-87B7-5DF5A1F428B5}"
EndProject
Project("{2150E333-8FDC-42A3-9474-1A3956D46DE8}") = "ApplicationBar", "ApplicationBar", "{17C93C55-727A-404D-8950-2BD945F8C4A0}"
EndProject
Project("{FAE04EC0-301F-11D3-BF4B-00C04F79EFBC}") = "POC.Module.ABSettings", "POC.Module.ABSettings\POC.Module.ABSettings.csproj", "{AA553857-57A1-4525-9DA4-50ED25D0D46F}"
	ProjectSection(ProjectDependencies) = postProject
		{EECE9035-C5B4-4E01-9EF1-D626677F6C28} = {EECE9035-C5B4-4E01-9EF1-D626677F6C28}
		{0FB0C267-F11B-4E95-B1B7-545AB616C658} = {0FB0C267-F11B-4E95-B1B7-545AB616C658}
		{EF3C9694-D5A2-46FA-9197-106D42D191DC} = {EF3C9694-D5A2-46FA-9197-106D42D191DC}
		{419230D8-0B57-4EC2-BFB8-A032ACCA1D8A} = {419230D8-0B57-4EC2-BFB8-A032ACCA1D8A}
	EndProjectSection
EndProject
Project("{FAE04EC0-301F-11D3-BF4B-00C04F79EFBC}") = "POC.Module.Finalizer", "POC.Module.Finilizer\POC.Module.Finalizer.csproj", "{A57169CE-8217-4D09-820B-7F3832EF9475}"
	ProjectSection(ProjectDependencies) = postProject
		{37E9A324-CCD6-4C1C-9E49-E71E4BDABE4B} = {37E9A324-CCD6-4C1C-9E49-E71E4BDABE4B}
		{EECE9035-C5B4-4E01-9EF1-D626677F6C28} = {EECE9035-C5B4-4E01-9EF1-D626677F6C28}
		{40E2CB42-815F-47AF-81E6-29F01F1CC476} = {40E2CB42-815F-47AF-81E6-29F01F1CC476}
		{786FE447-4DBA-456F-9BD1-2357AF835F47} = {786FE447-4DBA-456F-9BD1-2357AF835F47}
		{4BCF414B-52BA-4DD5-8A9B-BF84EC41651C} = {4BCF414B-52BA-4DD5-8A9B-BF84EC41651C}
		{709F0657-F875-401D-A26C-C8B2C2B3CCF5} = {709F0657-F875-401D-A26C-C8B2C2B3CCF5}
		{AA553857-57A1-4525-9DA4-50ED25D0D46F} = {AA553857-57A1-4525-9DA4-50ED25D0D46F}
		{F4CBD465-F996-4650-A10F-AB58F2F7E21E} = {F4CBD465-F996-4650-A10F-AB58F2F7E21E}
		{D0F5B366-37ED-4442-AD64-87630C40D6AD} = {D0F5B366-37ED-4442-AD64-87630C40D6AD}
		{0FB0C267-F11B-4E95-B1B7-545AB616C658} = {0FB0C267-F11B-4E95-B1B7-545AB616C658}
		{97118E79-4F18-4EEB-8B81-EE43B77D0293} = {97118E79-4F18-4EEB-8B81-EE43B77D0293}
		{66AB9E92-9628-492E-9782-8E48BBCFA8E1} = {66AB9E92-9628-492E-9782-8E48BBCFA8E1}
		{EF3C9694-D5A2-46FA-9197-106D42D191DC} = {EF3C9694-D5A2-46FA-9197-106D42D191DC}
		{D423CD9B-30CD-493E-BFB1-0DF4365A01B1} = {D423CD9B-30CD-493E-BFB1-0DF4365A01B1}
		{413FFDCB-4B44-4E7F-BB18-ADA13B9FE0EA} = {413FFDCB-4B44-4E7F-BB18-ADA13B9FE0EA}
		{419230D8-0B57-4EC2-BFB8-A032ACCA1D8A} = {419230D8-0B57-4EC2-BFB8-A032ACCA1D8A}
		{E69B30FA-4054-4533-8940-1DF4BC314E9F} = {E69B30FA-4054-4533-8940-1DF4BC314E9F}
	EndProjectSection
EndProject
Project("{FAE04EC0-301F-11D3-BF4B-00C04F79EFBC}") = "POC.Module.ABMembership", "POC.Module.ABMembership\POC.Module.ABMembership.csproj", "{EECE9035-C5B4-4E01-9EF1-D626677F6C28}"
	ProjectSection(ProjectDependencies) = postProject
		{419230D8-0B57-4EC2-BFB8-A032ACCA1D8A} = {419230D8-0B57-4EC2-BFB8-A032ACCA1D8A}
	EndProjectSection
EndProject
Project("{2150E333-8FDC-42A3-9474-1A3956D46DE8}") = "Library", "Library", "{A6893CDC-6586-46CC-9D0E-6F6C8BFE19C2}"
EndProject
Project("{FAE04EC0-301F-11D3-BF4B-00C04F79EFBC}") = "POC.Library.WCF", "POC.Library.WCF\POC.Library.WCF.csproj", "{EF3C9694-D5A2-46FA-9197-106D42D191DC}"
EndProject
Project("{FAE04EC0-301F-11D3-BF4B-00C04F79EFBC}") = "POC.Module.ABCalendar", "POC.Module.ABCalendar\POC.Module.ABCalendar.csproj", "{419230D8-0B57-4EC2-BFB8-A032ACCA1D8A}"
	ProjectSection(ProjectDependencies) = postProject
		{EF3C9694-D5A2-46FA-9197-106D42D191DC} = {EF3C9694-D5A2-46FA-9197-106D42D191DC}
	EndProjectSection
EndProject
Project("{FAE04EC0-301F-11D3-BF4B-00C04F79EFBC}") = "POC.Module.Main", "POC.Module.Main\POC.Module.Main.csproj", "{5943E9D0-8AF3-4CA0-9D6F-1CAC0768BAF6}"
	ProjectSection(ProjectDependencies) = postProject
		{37E9A324-CCD6-4C1C-9E49-E71E4BDABE4B} = {37E9A324-CCD6-4C1C-9E49-E71E4BDABE4B}
		{EECE9035-C5B4-4E01-9EF1-D626677F6C28} = {EECE9035-C5B4-4E01-9EF1-D626677F6C28}
		{EF76B337-DE7E-4EBF-AA96-FB1C330F00FC} = {EF76B337-DE7E-4EBF-AA96-FB1C330F00FC}
		{40E2CB42-815F-47AF-81E6-29F01F1CC476} = {40E2CB42-815F-47AF-81E6-29F01F1CC476}
		{786FE447-4DBA-456F-9BD1-2357AF835F47} = {786FE447-4DBA-456F-9BD1-2357AF835F47}
		{4BCF414B-52BA-4DD5-8A9B-BF84EC41651C} = {4BCF414B-52BA-4DD5-8A9B-BF84EC41651C}
		{709F0657-F875-401D-A26C-C8B2C2B3CCF5} = {709F0657-F875-401D-A26C-C8B2C2B3CCF5}
		{AA553857-57A1-4525-9DA4-50ED25D0D46F} = {AA553857-57A1-4525-9DA4-50ED25D0D46F}
		{F4CBD465-F996-4650-A10F-AB58F2F7E21E} = {F4CBD465-F996-4650-A10F-AB58F2F7E21E}
		{D0F5B366-37ED-4442-AD64-87630C40D6AD} = {D0F5B366-37ED-4442-AD64-87630C40D6AD}
		{0FB0C267-F11B-4E95-B1B7-545AB616C658} = {0FB0C267-F11B-4E95-B1B7-545AB616C658}
		{97118E79-4F18-4EEB-8B81-EE43B77D0293} = {97118E79-4F18-4EEB-8B81-EE43B77D0293}
		{66AB9E92-9628-492E-9782-8E48BBCFA8E1} = {66AB9E92-9628-492E-9782-8E48BBCFA8E1}
		{EF3C9694-D5A2-46FA-9197-106D42D191DC} = {EF3C9694-D5A2-46FA-9197-106D42D191DC}
		{D423CD9B-30CD-493E-BFB1-0DF4365A01B1} = {D423CD9B-30CD-493E-BFB1-0DF4365A01B1}
		{413FFDCB-4B44-4E7F-BB18-ADA13B9FE0EA} = {413FFDCB-4B44-4E7F-BB18-ADA13B9FE0EA}
		{A57169CE-8217-4D09-820B-7F3832EF9475} = {A57169CE-8217-4D09-820B-7F3832EF9475}
		{419230D8-0B57-4EC2-BFB8-A032ACCA1D8A} = {419230D8-0B57-4EC2-BFB8-A032ACCA1D8A}
		{E69B30FA-4054-4533-8940-1DF4BC314E9F} = {E69B30FA-4054-4533-8940-1DF4BC314E9F}
	EndProjectSection
EndProject
Project("{FAE04EC0-301F-11D3-BF4B-00C04F79EFBC}") = "POC.Module.ABTools", "POC.Module.ABTools\POC.Module.ABTools.csproj", "{66AB9E92-9628-492E-9782-8E48BBCFA8E1}"
	ProjectSection(ProjectDependencies) = postProject
		{EECE9035-C5B4-4E01-9EF1-D626677F6C28} = {EECE9035-C5B4-4E01-9EF1-D626677F6C28}
		{AA553857-57A1-4525-9DA4-50ED25D0D46F} = {AA553857-57A1-4525-9DA4-50ED25D0D46F}
		{0FB0C267-F11B-4E95-B1B7-545AB616C658} = {0FB0C267-F11B-4E95-B1B7-545AB616C658}
		{EF3C9694-D5A2-46FA-9197-106D42D191DC} = {EF3C9694-D5A2-46FA-9197-106D42D191DC}
		{419230D8-0B57-4EC2-BFB8-A032ACCA1D8A} = {419230D8-0B57-4EC2-BFB8-A032ACCA1D8A}
	EndProjectSection
EndProject
Project("{FAE04EC0-301F-11D3-BF4B-00C04F79EFBC}") = "POC.Module.Contact", "POC.Module.Contact\POC.Module.Contact.csproj", "{E69B30FA-4054-4533-8940-1DF4BC314E9F}"
	ProjectSection(ProjectDependencies) = postProject
		{EECE9035-C5B4-4E01-9EF1-D626677F6C28} = {EECE9035-C5B4-4E01-9EF1-D626677F6C28}
		{40E2CB42-815F-47AF-81E6-29F01F1CC476} = {40E2CB42-815F-47AF-81E6-29F01F1CC476}
		{786FE447-4DBA-456F-9BD1-2357AF835F47} = {786FE447-4DBA-456F-9BD1-2357AF835F47}
		{4BCF414B-52BA-4DD5-8A9B-BF84EC41651C} = {4BCF414B-52BA-4DD5-8A9B-BF84EC41651C}
		{709F0657-F875-401D-A26C-C8B2C2B3CCF5} = {709F0657-F875-401D-A26C-C8B2C2B3CCF5}
		{AA553857-57A1-4525-9DA4-50ED25D0D46F} = {AA553857-57A1-4525-9DA4-50ED25D0D46F}
		{F4CBD465-F996-4650-A10F-AB58F2F7E21E} = {F4CBD465-F996-4650-A10F-AB58F2F7E21E}
		{0FB0C267-F11B-4E95-B1B7-545AB616C658} = {0FB0C267-F11B-4E95-B1B7-545AB616C658}
		{97118E79-4F18-4EEB-8B81-EE43B77D0293} = {97118E79-4F18-4EEB-8B81-EE43B77D0293}
		{66AB9E92-9628-492E-9782-8E48BBCFA8E1} = {66AB9E92-9628-492E-9782-8E48BBCFA8E1}
		{EF3C9694-D5A2-46FA-9197-106D42D191DC} = {EF3C9694-D5A2-46FA-9197-106D42D191DC}
		{419230D8-0B57-4EC2-BFB8-A032ACCA1D8A} = {419230D8-0B57-4EC2-BFB8-A032ACCA1D8A}
	EndProjectSection
EndProject
Project("{FAE04EC0-301F-11D3-BF4B-00C04F79EFBC}") = "POC.Module.Email", "POC.Module.Email\POC.Module.Email.csproj", "{D0F5B366-37ED-4442-AD64-87630C40D6AD}"
	ProjectSection(ProjectDependencies) = postProject
		{37E9A324-CCD6-4C1C-9E49-E71E4BDABE4B} = {37E9A324-CCD6-4C1C-9E49-E71E4BDABE4B}
		{EECE9035-C5B4-4E01-9EF1-D626677F6C28} = {EECE9035-C5B4-4E01-9EF1-D626677F6C28}
		{40E2CB42-815F-47AF-81E6-29F01F1CC476} = {40E2CB42-815F-47AF-81E6-29F01F1CC476}
		{786FE447-4DBA-456F-9BD1-2357AF835F47} = {786FE447-4DBA-456F-9BD1-2357AF835F47}
		{4BCF414B-52BA-4DD5-8A9B-BF84EC41651C} = {4BCF414B-52BA-4DD5-8A9B-BF84EC41651C}
		{709F0657-F875-401D-A26C-C8B2C2B3CCF5} = {709F0657-F875-401D-A26C-C8B2C2B3CCF5}
		{AA553857-57A1-4525-9DA4-50ED25D0D46F} = {AA553857-57A1-4525-9DA4-50ED25D0D46F}
		{F4CBD465-F996-4650-A10F-AB58F2F7E21E} = {F4CBD465-F996-4650-A10F-AB58F2F7E21E}
		{0FB0C267-F11B-4E95-B1B7-545AB616C658} = {0FB0C267-F11B-4E95-B1B7-545AB616C658}
		{97118E79-4F18-4EEB-8B81-EE43B77D0293} = {97118E79-4F18-4EEB-8B81-EE43B77D0293}
		{66AB9E92-9628-492E-9782-8E48BBCFA8E1} = {66AB9E92-9628-492E-9782-8E48BBCFA8E1}
		{EF3C9694-D5A2-46FA-9197-106D42D191DC} = {EF3C9694-D5A2-46FA-9197-106D42D191DC}
		{413FFDCB-4B44-4E7F-BB18-ADA13B9FE0EA} = {413FFDCB-4B44-4E7F-BB18-ADA13B9FE0EA}
		{419230D8-0B57-4EC2-BFB8-A032ACCA1D8A} = {419230D8-0B57-4EC2-BFB8-A032ACCA1D8A}
		{E69B30FA-4054-4533-8940-1DF4BC314E9F} = {E69B30FA-4054-4533-8940-1DF4BC314E9F}
	EndProjectSection
EndProject
Project("{FAE04EC0-301F-11D3-BF4B-00C04F79EFBC}") = "POC.Module.Link", "POC.Module.Link\POC.Module.Link.csproj", "{EF76B337-DE7E-4EBF-AA96-FB1C330F00FC}"
	ProjectSection(ProjectDependencies) = postProject
		{37E9A324-CCD6-4C1C-9E49-E71E4BDABE4B} = {37E9A324-CCD6-4C1C-9E49-E71E4BDABE4B}
		{EECE9035-C5B4-4E01-9EF1-D626677F6C28} = {EECE9035-C5B4-4E01-9EF1-D626677F6C28}
		{40E2CB42-815F-47AF-81E6-29F01F1CC476} = {40E2CB42-815F-47AF-81E6-29F01F1CC476}
		{786FE447-4DBA-456F-9BD1-2357AF835F47} = {786FE447-4DBA-456F-9BD1-2357AF835F47}
		{4BCF414B-52BA-4DD5-8A9B-BF84EC41651C} = {4BCF414B-52BA-4DD5-8A9B-BF84EC41651C}
		{709F0657-F875-401D-A26C-C8B2C2B3CCF5} = {709F0657-F875-401D-A26C-C8B2C2B3CCF5}
		{AA553857-57A1-4525-9DA4-50ED25D0D46F} = {AA553857-57A1-4525-9DA4-50ED25D0D46F}
		{F4CBD465-F996-4650-A10F-AB58F2F7E21E} = {F4CBD465-F996-4650-A10F-AB58F2F7E21E}
		{D0F5B366-37ED-4442-AD64-87630C40D6AD} = {D0F5B366-37ED-4442-AD64-87630C40D6AD}
		{0FB0C267-F11B-4E95-B1B7-545AB616C658} = {0FB0C267-F11B-4E95-B1B7-545AB616C658}
		{97118E79-4F18-4EEB-8B81-EE43B77D0293} = {97118E79-4F18-4EEB-8B81-EE43B77D0293}
		{66AB9E92-9628-492E-9782-8E48BBCFA8E1} = {66AB9E92-9628-492E-9782-8E48BBCFA8E1}
		{EF3C9694-D5A2-46FA-9197-106D42D191DC} = {EF3C9694-D5A2-46FA-9197-106D42D191DC}
		{D423CD9B-30CD-493E-BFB1-0DF4365A01B1} = {D423CD9B-30CD-493E-BFB1-0DF4365A01B1}
		{413FFDCB-4B44-4E7F-BB18-ADA13B9FE0EA} = {413FFDCB-4B44-4E7F-BB18-ADA13B9FE0EA}
		{A57169CE-8217-4D09-820B-7F3832EF9475} = {A57169CE-8217-4D09-820B-7F3832EF9475}
		{419230D8-0B57-4EC2-BFB8-A032ACCA1D8A} = {419230D8-0B57-4EC2-BFB8-A032ACCA1D8A}
		{E69B30FA-4054-4533-8940-1DF4BC314E9F} = {E69B30FA-4054-4533-8940-1DF4BC314E9F}
	EndProjectSection
EndProject
Project("{FAE04EC0-301F-11D3-BF4B-00C04F79EFBC}") = "POC.Module.Profile", "POC.Module.Profile\POC.Module.Profile.csproj", "{6D506300-9618-4255-9F35-A2571F80CE26}"
	ProjectSection(ProjectDependencies) = postProject
		{8C93FE58-83C2-4CA8-BD4C-41AEBC4DBC0B} = {8C93FE58-83C2-4CA8-BD4C-41AEBC4DBC0B}
	EndProjectSection
EndProject
Project("{FAE04EC0-301F-11D3-BF4B-00C04F79EFBC}") = "POC.Module.CountryCity", "POC.Module.CountryCity\POC.Module.CountryCity.csproj", "{37E9A324-CCD6-4C1C-9E49-E71E4BDABE4B}"
	ProjectSection(ProjectDependencies) = postProject
		{EECE9035-C5B4-4E01-9EF1-D626677F6C28} = {EECE9035-C5B4-4E01-9EF1-D626677F6C28}
		{40E2CB42-815F-47AF-81E6-29F01F1CC476} = {40E2CB42-815F-47AF-81E6-29F01F1CC476}
		{786FE447-4DBA-456F-9BD1-2357AF835F47} = {786FE447-4DBA-456F-9BD1-2357AF835F47}
		{4BCF414B-52BA-4DD5-8A9B-BF84EC41651C} = {4BCF414B-52BA-4DD5-8A9B-BF84EC41651C}
		{709F0657-F875-401D-A26C-C8B2C2B3CCF5} = {709F0657-F875-401D-A26C-C8B2C2B3CCF5}
		{AA553857-57A1-4525-9DA4-50ED25D0D46F} = {AA553857-57A1-4525-9DA4-50ED25D0D46F}
		{F4CBD465-F996-4650-A10F-AB58F2F7E21E} = {F4CBD465-F996-4650-A10F-AB58F2F7E21E}
		{0FB0C267-F11B-4E95-B1B7-545AB616C658} = {0FB0C267-F11B-4E95-B1B7-545AB616C658}
		{97118E79-4F18-4EEB-8B81-EE43B77D0293} = {97118E79-4F18-4EEB-8B81-EE43B77D0293}
		{66AB9E92-9628-492E-9782-8E48BBCFA8E1} = {66AB9E92-9628-492E-9782-8E48BBCFA8E1}
		{EF3C9694-D5A2-46FA-9197-106D42D191DC} = {EF3C9694-D5A2-46FA-9197-106D42D191DC}
		{419230D8-0B57-4EC2-BFB8-A032ACCA1D8A} = {419230D8-0B57-4EC2-BFB8-A032ACCA1D8A}
		{E69B30FA-4054-4533-8940-1DF4BC314E9F} = {E69B30FA-4054-4533-8940-1DF4BC314E9F}
	EndProjectSection
EndProject
Project("{FAE04EC0-301F-11D3-BF4B-00C04F79EFBC}") = "POC.Module.BaseTable", "POC.Module.BaseTable\POC.Module.BaseTable.csproj", "{40E2CB42-815F-47AF-81E6-29F01F1CC476}"
	ProjectSection(ProjectDependencies) = postProject
		{EECE9035-C5B4-4E01-9EF1-D626677F6C28} = {EECE9035-C5B4-4E01-9EF1-D626677F6C28}
		{786FE447-4DBA-456F-9BD1-2357AF835F47} = {786FE447-4DBA-456F-9BD1-2357AF835F47}
		{4BCF414B-52BA-4DD5-8A9B-BF84EC41651C} = {4BCF414B-52BA-4DD5-8A9B-BF84EC41651C}
		{AA553857-57A1-4525-9DA4-50ED25D0D46F} = {AA553857-57A1-4525-9DA4-50ED25D0D46F}
		{F4CBD465-F996-4650-A10F-AB58F2F7E21E} = {F4CBD465-F996-4650-A10F-AB58F2F7E21E}
		{0FB0C267-F11B-4E95-B1B7-545AB616C658} = {0FB0C267-F11B-4E95-B1B7-545AB616C658}
		{66AB9E92-9628-492E-9782-8E48BBCFA8E1} = {66AB9E92-9628-492E-9782-8E48BBCFA8E1}
		{EF3C9694-D5A2-46FA-9197-106D42D191DC} = {EF3C9694-D5A2-46FA-9197-106D42D191DC}
		{419230D8-0B57-4EC2-BFB8-A032ACCA1D8A} = {419230D8-0B57-4EC2-BFB8-A032ACCA1D8A}
	EndProjectSection
EndProject
Project("{FAE04EC0-301F-11D3-BF4B-00C04F79EFBC}") = "POC.Module.Map", "POC.Module.Map\POC.Module.Map.csproj", "{8CC7029A-A904-445C-B894-11B99BE46D9D}"
	ProjectSection(ProjectDependencies) = postProject
		{5943E9D0-8AF3-4CA0-9D6F-1CAC0768BAF6} = {5943E9D0-8AF3-4CA0-9D6F-1CAC0768BAF6}
	EndProjectSection
EndProject
Project("{FAE04EC0-301F-11D3-BF4B-00C04F79EFBC}") = "POC.Module.ABPhoneMonitoring", "POC.Module.ABPhoneMonitoring\POC.Module.ABPhoneMonitoring.csproj", "{0FB0C267-F11B-4E95-B1B7-545AB616C658}"
	ProjectSection(ProjectDependencies) = postProject
		{EECE9035-C5B4-4E01-9EF1-D626677F6C28} = {EECE9035-C5B4-4E01-9EF1-D626677F6C28}
		{419230D8-0B57-4EC2-BFB8-A032ACCA1D8A} = {419230D8-0B57-4EC2-BFB8-A032ACCA1D8A}
	EndProjectSection
EndProject
Project("{FAE04EC0-301F-11D3-BF4B-00C04F79EFBC}") = "POC.Module.Popup", "POC.Module.Popup\POC.Module.Popup.csproj", "{8C93FE58-83C2-4CA8-BD4C-41AEBC4DBC0B}"
	ProjectSection(ProjectDependencies) = postProject
		{CA5AD192-35CE-46D5-ABE4-A2E50214894F} = {CA5AD192-35CE-46D5-ABE4-A2E50214894F}
	EndProjectSection
EndProject
Project("{FAE04EC0-301F-11D3-BF4B-00C04F79EFBC}") = "POC.Module.Attachment", "POC.Module.Attachment\POC.Module.Attachment.csproj", "{786FE447-4DBA-456F-9BD1-2357AF835F47}"
	ProjectSection(ProjectDependencies) = postProject
		{EECE9035-C5B4-4E01-9EF1-D626677F6C28} = {EECE9035-C5B4-4E01-9EF1-D626677F6C28}
		{4BCF414B-52BA-4DD5-8A9B-BF84EC41651C} = {4BCF414B-52BA-4DD5-8A9B-BF84EC41651C}
		{AA553857-57A1-4525-9DA4-50ED25D0D46F} = {AA553857-57A1-4525-9DA4-50ED25D0D46F}
		{0FB0C267-F11B-4E95-B1B7-545AB616C658} = {0FB0C267-F11B-4E95-B1B7-545AB616C658}
		{66AB9E92-9628-492E-9782-8E48BBCFA8E1} = {66AB9E92-9628-492E-9782-8E48BBCFA8E1}
		{EF3C9694-D5A2-46FA-9197-106D42D191DC} = {EF3C9694-D5A2-46FA-9197-106D42D191DC}
		{419230D8-0B57-4EC2-BFB8-A032ACCA1D8A} = {419230D8-0B57-4EC2-BFB8-A032ACCA1D8A}
	EndProjectSection
EndProject
Project("{FAE04EC0-301F-11D3-BF4B-00C04F79EFBC}") = "POC.Module.Address", "POC.Module.Address\POC.Module.Address.csproj", "{4BCF414B-52BA-4DD5-8A9B-BF84EC41651C}"
	ProjectSection(ProjectDependencies) = postProject
		{EECE9035-C5B4-4E01-9EF1-D626677F6C28} = {EECE9035-C5B4-4E01-9EF1-D626677F6C28}
		{AA553857-57A1-4525-9DA4-50ED25D0D46F} = {AA553857-57A1-4525-9DA4-50ED25D0D46F}
		{0FB0C267-F11B-4E95-B1B7-545AB616C658} = {0FB0C267-F11B-4E95-B1B7-545AB616C658}
		{66AB9E92-9628-492E-9782-8E48BBCFA8E1} = {66AB9E92-9628-492E-9782-8E48BBCFA8E1}
		{EF3C9694-D5A2-46FA-9197-106D42D191DC} = {EF3C9694-D5A2-46FA-9197-106D42D191DC}
		{419230D8-0B57-4EC2-BFB8-A032ACCA1D8A} = {419230D8-0B57-4EC2-BFB8-A032ACCA1D8A}
	EndProjectSection
EndProject
Project("{FAE04EC0-301F-11D3-BF4B-00C04F79EFBC}") = "POC.Module.Call", "POC.Module.Call\POC.Module.Call.csproj", "{97118E79-4F18-4EEB-8B81-EE43B77D0293}"
	ProjectSection(ProjectDependencies) = postProject
		{EECE9035-C5B4-4E01-9EF1-D626677F6C28} = {EECE9035-C5B4-4E01-9EF1-D626677F6C28}
		{40E2CB42-815F-47AF-81E6-29F01F1CC476} = {40E2CB42-815F-47AF-81E6-29F01F1CC476}
		{786FE447-4DBA-456F-9BD1-2357AF835F47} = {786FE447-4DBA-456F-9BD1-2357AF835F47}
		{4BCF414B-52BA-4DD5-8A9B-BF84EC41651C} = {4BCF414B-52BA-4DD5-8A9B-BF84EC41651C}
		{709F0657-F875-401D-A26C-C8B2C2B3CCF5} = {709F0657-F875-401D-A26C-C8B2C2B3CCF5}
		{AA553857-57A1-4525-9DA4-50ED25D0D46F} = {AA553857-57A1-4525-9DA4-50ED25D0D46F}
		{F4CBD465-F996-4650-A10F-AB58F2F7E21E} = {F4CBD465-F996-4650-A10F-AB58F2F7E21E}
		{0FB0C267-F11B-4E95-B1B7-545AB616C658} = {0FB0C267-F11B-4E95-B1B7-545AB616C658}
		{66AB9E92-9628-492E-9782-8E48BBCFA8E1} = {66AB9E92-9628-492E-9782-8E48BBCFA8E1}
		{419230D8-0B57-4EC2-BFB8-A032ACCA1D8A} = {419230D8-0B57-4EC2-BFB8-A032ACCA1D8A}
	EndProjectSection
EndProject
Project("{FAE04EC0-301F-11D3-BF4B-00C04F79EFBC}") = "POC.Module.Fax", "POC.Module.Fax\POC.Module.Fax.csproj", "{D423CD9B-30CD-493E-BFB1-0DF4365A01B1}"
	ProjectSection(ProjectDependencies) = postProject
		{EECE9035-C5B4-4E01-9EF1-D626677F6C28} = {EECE9035-C5B4-4E01-9EF1-D626677F6C28}
		{40E2CB42-815F-47AF-81E6-29F01F1CC476} = {40E2CB42-815F-47AF-81E6-29F01F1CC476}
		{786FE447-4DBA-456F-9BD1-2357AF835F47} = {786FE447-4DBA-456F-9BD1-2357AF835F47}
		{4BCF414B-52BA-4DD5-8A9B-BF84EC41651C} = {4BCF414B-52BA-4DD5-8A9B-BF84EC41651C}
		{709F0657-F875-401D-A26C-C8B2C2B3CCF5} = {709F0657-F875-401D-A26C-C8B2C2B3CCF5}
		{AA553857-57A1-4525-9DA4-50ED25D0D46F} = {AA553857-57A1-4525-9DA4-50ED25D0D46F}
		{F4CBD465-F996-4650-A10F-AB58F2F7E21E} = {F4CBD465-F996-4650-A10F-AB58F2F7E21E}
		{0FB0C267-F11B-4E95-B1B7-545AB616C658} = {0FB0C267-F11B-4E95-B1B7-545AB616C658}
		{97118E79-4F18-4EEB-8B81-EE43B77D0293} = {97118E79-4F18-4EEB-8B81-EE43B77D0293}
		{66AB9E92-9628-492E-9782-8E48BBCFA8E1} = {66AB9E92-9628-492E-9782-8E48BBCFA8E1}
		{EF3C9694-D5A2-46FA-9197-106D42D191DC} = {EF3C9694-D5A2-46FA-9197-106D42D191DC}
		{419230D8-0B57-4EC2-BFB8-A032ACCA1D8A} = {419230D8-0B57-4EC2-BFB8-A032ACCA1D8A}
		{E69B30FA-4054-4533-8940-1DF4BC314E9F} = {E69B30FA-4054-4533-8940-1DF4BC314E9F}
	EndProjectSection
EndProject
Project("{FAE04EC0-301F-11D3-BF4B-00C04F79EFBC}") = "POC.Module.Phone", "POC.Module.Phone\POC.Module.Phone.csproj", "{CA5AD192-35CE-46D5-ABE4-A2E50214894F}"
	ProjectSection(ProjectDependencies) = postProject
		{8CC7029A-A904-445C-B894-11B99BE46D9D} = {8CC7029A-A904-445C-B894-11B99BE46D9D}
	EndProjectSection
EndProject
Project("{FAE04EC0-301F-11D3-BF4B-00C04F79EFBC}") = "POC.Module.SMS", "POC.Module.SMS\POC.Module.SMS.csproj", "{13889217-2347-4396-89A6-A596AAC30DB9}"
	ProjectSection(ProjectDependencies) = postProject
		{6D506300-9618-4255-9F35-A2571F80CE26} = {6D506300-9618-4255-9F35-A2571F80CE26}
	EndProjectSection
EndProject
Project("{FAE04EC0-301F-11D3-BF4B-00C04F79EFBC}") = "POC.Module.Calendar", "POC.Module.Calendar\POC.Module.Calendar.csproj", "{709F0657-F875-401D-A26C-C8B2C2B3CCF5}"
	ProjectSection(ProjectDependencies) = postProject
		{EECE9035-C5B4-4E01-9EF1-D626677F6C28} = {EECE9035-C5B4-4E01-9EF1-D626677F6C28}
		{40E2CB42-815F-47AF-81E6-29F01F1CC476} = {40E2CB42-815F-47AF-81E6-29F01F1CC476}
		{786FE447-4DBA-456F-9BD1-2357AF835F47} = {786FE447-4DBA-456F-9BD1-2357AF835F47}
		{4BCF414B-52BA-4DD5-8A9B-BF84EC41651C} = {4BCF414B-52BA-4DD5-8A9B-BF84EC41651C}
		{AA553857-57A1-4525-9DA4-50ED25D0D46F} = {AA553857-57A1-4525-9DA4-50ED25D0D46F}
		{F4CBD465-F996-4650-A10F-AB58F2F7E21E} = {F4CBD465-F996-4650-A10F-AB58F2F7E21E}
		{0FB0C267-F11B-4E95-B1B7-545AB616C658} = {0FB0C267-F11B-4E95-B1B7-545AB616C658}
		{66AB9E92-9628-492E-9782-8E48BBCFA8E1} = {66AB9E92-9628-492E-9782-8E48BBCFA8E1}
		{EF3C9694-D5A2-46FA-9197-106D42D191DC} = {EF3C9694-D5A2-46FA-9197-106D42D191DC}
		{419230D8-0B57-4EC2-BFB8-A032ACCA1D8A} = {419230D8-0B57-4EC2-BFB8-A032ACCA1D8A}
	EndProjectSection
EndProject
Project("{FAE04EC0-301F-11D3-BF4B-00C04F79EFBC}") = "POC.Module.Automation", "POC.Module.Automation\POC.Module.Automation.csproj", "{F4CBD465-F996-4650-A10F-AB58F2F7E21E}"
	ProjectSection(ProjectDependencies) = postProject
		{EECE9035-C5B4-4E01-9EF1-D626677F6C28} = {EECE9035-C5B4-4E01-9EF1-D626677F6C28}
		{786FE447-4DBA-456F-9BD1-2357AF835F47} = {786FE447-4DBA-456F-9BD1-2357AF835F47}
		{4BCF414B-52BA-4DD5-8A9B-BF84EC41651C} = {4BCF414B-52BA-4DD5-8A9B-BF84EC41651C}
		{AA553857-57A1-4525-9DA4-50ED25D0D46F} = {AA553857-57A1-4525-9DA4-50ED25D0D46F}
		{0FB0C267-F11B-4E95-B1B7-545AB616C658} = {0FB0C267-F11B-4E95-B1B7-545AB616C658}
		{66AB9E92-9628-492E-9782-8E48BBCFA8E1} = {66AB9E92-9628-492E-9782-8E48BBCFA8E1}
		{EF3C9694-D5A2-46FA-9197-106D42D191DC} = {EF3C9694-D5A2-46FA-9197-106D42D191DC}
		{419230D8-0B57-4EC2-BFB8-A032ACCA1D8A} = {419230D8-0B57-4EC2-BFB8-A032ACCA1D8A}
	EndProjectSection
EndProject
Project("{FAE04EC0-301F-11D3-BF4B-00C04F79EFBC}") = "POC.Module.Dashboard", "POC.Module.Dashboard\POC.Module.Dashboard.csproj", "{413FFDCB-4B44-4E7F-BB18-ADA13B9FE0EA}"
	ProjectSection(ProjectDependencies) = postProject
		{37E9A324-CCD6-4C1C-9E49-E71E4BDABE4B} = {37E9A324-CCD6-4C1C-9E49-E71E4BDABE4B}
		{EECE9035-C5B4-4E01-9EF1-D626677F6C28} = {EECE9035-C5B4-4E01-9EF1-D626677F6C28}
		{40E2CB42-815F-47AF-81E6-29F01F1CC476} = {40E2CB42-815F-47AF-81E6-29F01F1CC476}
		{786FE447-4DBA-456F-9BD1-2357AF835F47} = {786FE447-4DBA-456F-9BD1-2357AF835F47}
		{4BCF414B-52BA-4DD5-8A9B-BF84EC41651C} = {4BCF414B-52BA-4DD5-8A9B-BF84EC41651C}
		{709F0657-F875-401D-A26C-C8B2C2B3CCF5} = {709F0657-F875-401D-A26C-C8B2C2B3CCF5}
		{AA553857-57A1-4525-9DA4-50ED25D0D46F} = {AA553857-57A1-4525-9DA4-50ED25D0D46F}
		{F4CBD465-F996-4650-A10F-AB58F2F7E21E} = {F4CBD465-F996-4650-A10F-AB58F2F7E21E}
		{0FB0C267-F11B-4E95-B1B7-545AB616C658} = {0FB0C267-F11B-4E95-B1B7-545AB616C658}
		{97118E79-4F18-4EEB-8B81-EE43B77D0293} = {97118E79-4F18-4EEB-8B81-EE43B77D0293}
		{66AB9E92-9628-492E-9782-8E48BBCFA8E1} = {66AB9E92-9628-492E-9782-8E48BBCFA8E1}
		{EF3C9694-D5A2-46FA-9197-106D42D191DC} = {EF3C9694-D5A2-46FA-9197-106D42D191DC}
		{419230D8-0B57-4EC2-BFB8-A032ACCA1D8A} = {419230D8-0B57-4EC2-BFB8-A032ACCA1D8A}
		{E69B30FA-4054-4533-8940-1DF4BC314E9F} = {E69B30FA-4054-4533-8940-1DF4BC314E9F}
	EndProjectSection
EndProject
Global
	GlobalSection(SolutionConfigurationPlatforms) = preSolution
		Debug|Any CPU = Debug|Any CPU
		iChista|Any CPU = iChista|Any CPU
		ictcrm24|Any CPU = ictcrm24|Any CPU
		rahyarModyran|Any CPU = rahyarModyran|Any CPU
		Release|Any CPU = Release|Any CPU
		SahbaCRM|Any CPU = SahbaCRM|Any CPU
		YaraOffice|Any CPU = YaraOffice|Any CPU
	EndGlobalSection
	GlobalSection(ProjectConfigurationPlatforms) = postSolution
		{9762AAF5-1DEC-41DE-8325-11F608AABD40}.Debug|Any CPU.ActiveCfg = Debug|Any CPU
		{9762AAF5-1DEC-41DE-8325-11F608AABD40}.Debug|Any CPU.Build.0 = Debug|Any CPU
		{9762AAF5-1DEC-41DE-8325-11F608AABD40}.iChista|Any CPU.ActiveCfg = iChista|Any CPU
		{9762AAF5-1DEC-41DE-8325-11F608AABD40}.iChista|Any CPU.Build.0 = iChista|Any CPU
		{9762AAF5-1DEC-41DE-8325-11F608AABD40}.ictcrm24|Any CPU.ActiveCfg = ictcrm24|Any CPU
		{9762AAF5-1DEC-41DE-8325-11F608AABD40}.ictcrm24|Any CPU.Build.0 = ictcrm24|Any CPU
		{9762AAF5-1DEC-41DE-8325-11F608AABD40}.rahyarModyran|Any CPU.ActiveCfg = rahyarModyran|Any CPU
		{9762AAF5-1DEC-41DE-8325-11F608AABD40}.rahyarModyran|Any CPU.Build.0 = rahyarModyran|Any CPU
		{9762AAF5-1DEC-41DE-8325-11F608AABD40}.Release|Any CPU.ActiveCfg = Release|Any CPU
		{9762AAF5-1DEC-41DE-8325-11F608AABD40}.Release|Any CPU.Build.0 = Release|Any CPU
		{9762AAF5-1DEC-41DE-8325-11F608AABD40}.SahbaCRM|Any CPU.ActiveCfg = SahbaCRM|Any CPU
		{9762AAF5-1DEC-41DE-8325-11F608AABD40}.SahbaCRM|Any CPU.Build.0 = SahbaCRM|Any CPU
		{9762AAF5-1DEC-41DE-8325-11F608AABD40}.YaraOffice|Any CPU.ActiveCfg = YaraOffice|Any CPU
		{9762AAF5-1DEC-41DE-8325-11F608AABD40}.YaraOffice|Any CPU.Build.0 = YaraOffice|Any CPU
		{AA553857-57A1-4525-9DA4-50ED25D0D46F}.Debug|Any CPU.ActiveCfg = Debug|Any CPU
		{AA553857-57A1-4525-9DA4-50ED25D0D46F}.Debug|Any CPU.Build.0 = Debug|Any CPU
		{AA553857-57A1-4525-9DA4-50ED25D0D46F}.iChista|Any CPU.ActiveCfg = iChista|Any CPU
		{AA553857-57A1-4525-9DA4-50ED25D0D46F}.iChista|Any CPU.Build.0 = iChista|Any CPU
		{AA553857-57A1-4525-9DA4-50ED25D0D46F}.ictcrm24|Any CPU.ActiveCfg = ictcrm24|Any CPU
		{AA553857-57A1-4525-9DA4-50ED25D0D46F}.ictcrm24|Any CPU.Build.0 = ictcrm24|Any CPU
		{AA553857-57A1-4525-9DA4-50ED25D0D46F}.rahyarModyran|Any CPU.ActiveCfg = rahyarModyran|Any CPU
		{AA553857-57A1-4525-9DA4-50ED25D0D46F}.rahyarModyran|Any CPU.Build.0 = rahyarModyran|Any CPU
		{AA553857-57A1-4525-9DA4-50ED25D0D46F}.Release|Any CPU.ActiveCfg = Release|Any CPU
		{AA553857-57A1-4525-9DA4-50ED25D0D46F}.Release|Any CPU.Build.0 = Release|Any CPU
		{AA553857-57A1-4525-9DA4-50ED25D0D46F}.SahbaCRM|Any CPU.ActiveCfg = SahbaCRM|Any CPU
		{AA553857-57A1-4525-9DA4-50ED25D0D46F}.SahbaCRM|Any CPU.Build.0 = SahbaCRM|Any CPU
		{AA553857-57A1-4525-9DA4-50ED25D0D46F}.YaraOffice|Any CPU.ActiveCfg = YaraOffice|Any CPU
		{AA553857-57A1-4525-9DA4-50ED25D0D46F}.YaraOffice|Any CPU.Build.0 = YaraOffice|Any CPU
		{A57169CE-8217-4D09-820B-7F3832EF9475}.Debug|Any CPU.ActiveCfg = Debug|Any CPU
		{A57169CE-8217-4D09-820B-7F3832EF9475}.Debug|Any CPU.Build.0 = Debug|Any CPU
		{A57169CE-8217-4D09-820B-7F3832EF9475}.iChista|Any CPU.ActiveCfg = iChista|Any CPU
		{A57169CE-8217-4D09-820B-7F3832EF9475}.iChista|Any CPU.Build.0 = iChista|Any CPU
		{A57169CE-8217-4D09-820B-7F3832EF9475}.ictcrm24|Any CPU.ActiveCfg = ictcrm24|Any CPU
		{A57169CE-8217-4D09-820B-7F3832EF9475}.ictcrm24|Any CPU.Build.0 = ictcrm24|Any CPU
		{A57169CE-8217-4D09-820B-7F3832EF9475}.rahyarModyran|Any CPU.ActiveCfg = rahyarModyran|Any CPU
		{A57169CE-8217-4D09-820B-7F3832EF9475}.rahyarModyran|Any CPU.Build.0 = rahyarModyran|Any CPU
		{A57169CE-8217-4D09-820B-7F3832EF9475}.Release|Any CPU.ActiveCfg = Release|Any CPU
		{A57169CE-8217-4D09-820B-7F3832EF9475}.Release|Any CPU.Build.0 = Release|Any CPU
		{A57169CE-8217-4D09-820B-7F3832EF9475}.SahbaCRM|Any CPU.ActiveCfg = SahbaCRM|Any CPU
		{A57169CE-8217-4D09-820B-7F3832EF9475}.SahbaCRM|Any CPU.Build.0 = SahbaCRM|Any CPU
		{A57169CE-8217-4D09-820B-7F3832EF9475}.YaraOffice|Any CPU.ActiveCfg = YaraOffice|Any CPU
		{A57169CE-8217-4D09-820B-7F3832EF9475}.YaraOffice|Any CPU.Build.0 = YaraOffice|Any CPU
		{EECE9035-C5B4-4E01-9EF1-D626677F6C28}.Debug|Any CPU.ActiveCfg = Debug|Any CPU
		{EECE9035-C5B4-4E01-9EF1-D626677F6C28}.Debug|Any CPU.Build.0 = Debug|Any CPU
		{EECE9035-C5B4-4E01-9EF1-D626677F6C28}.iChista|Any CPU.ActiveCfg = iChista|Any CPU
		{EECE9035-C5B4-4E01-9EF1-D626677F6C28}.iChista|Any CPU.Build.0 = iChista|Any CPU
		{EECE9035-C5B4-4E01-9EF1-D626677F6C28}.ictcrm24|Any CPU.ActiveCfg = ictcrm24|Any CPU
		{EECE9035-C5B4-4E01-9EF1-D626677F6C28}.ictcrm24|Any CPU.Build.0 = ictcrm24|Any CPU
		{EECE9035-C5B4-4E01-9EF1-D626677F6C28}.rahyarModyran|Any CPU.ActiveCfg = rahyarModyran|Any CPU
		{EECE9035-C5B4-4E01-9EF1-D626677F6C28}.rahyarModyran|Any CPU.Build.0 = rahyarModyran|Any CPU
		{EECE9035-C5B4-4E01-9EF1-D626677F6C28}.Release|Any CPU.ActiveCfg = Release|Any CPU
		{EECE9035-C5B4-4E01-9EF1-D626677F6C28}.Release|Any CPU.Build.0 = Release|Any CPU
		{EECE9035-C5B4-4E01-9EF1-D626677F6C28}.SahbaCRM|Any CPU.ActiveCfg = SahbaCRM|Any CPU
		{EECE9035-C5B4-4E01-9EF1-D626677F6C28}.SahbaCRM|Any CPU.Build.0 = SahbaCRM|Any CPU
		{EECE9035-C5B4-4E01-9EF1-D626677F6C28}.YaraOffice|Any CPU.ActiveCfg = YaraOffice|Any CPU
		{EECE9035-C5B4-4E01-9EF1-D626677F6C28}.YaraOffice|Any CPU.Build.0 = YaraOffice|Any CPU
		{EF3C9694-D5A2-46FA-9197-106D42D191DC}.Debug|Any CPU.ActiveCfg = Debug|Any CPU
		{EF3C9694-D5A2-46FA-9197-106D42D191DC}.Debug|Any CPU.Build.0 = Debug|Any CPU
		{EF3C9694-D5A2-46FA-9197-106D42D191DC}.iChista|Any CPU.ActiveCfg = iChista|Any CPU
		{EF3C9694-D5A2-46FA-9197-106D42D191DC}.iChista|Any CPU.Build.0 = iChista|Any CPU
		{EF3C9694-D5A2-46FA-9197-106D42D191DC}.ictcrm24|Any CPU.ActiveCfg = ictcrm24|Any CPU
		{EF3C9694-D5A2-46FA-9197-106D42D191DC}.ictcrm24|Any CPU.Build.0 = ictcrm24|Any CPU
		{EF3C9694-D5A2-46FA-9197-106D42D191DC}.rahyarModyran|Any CPU.ActiveCfg = rahyarModyran|Any CPU
		{EF3C9694-D5A2-46FA-9197-106D42D191DC}.rahyarModyran|Any CPU.Build.0 = rahyarModyran|Any CPU
		{EF3C9694-D5A2-46FA-9197-106D42D191DC}.Release|Any CPU.ActiveCfg = Release|Any CPU
		{EF3C9694-D5A2-46FA-9197-106D42D191DC}.Release|Any CPU.Build.0 = Release|Any CPU
		{EF3C9694-D5A2-46FA-9197-106D42D191DC}.SahbaCRM|Any CPU.ActiveCfg = SahbaCRM|Any CPU
		{EF3C9694-D5A2-46FA-9197-106D42D191DC}.SahbaCRM|Any CPU.Build.0 = SahbaCRM|Any CPU
		{EF3C9694-D5A2-46FA-9197-106D42D191DC}.YaraOffice|Any CPU.ActiveCfg = YaraOffice|Any CPU
		{EF3C9694-D5A2-46FA-9197-106D42D191DC}.YaraOffice|Any CPU.Build.0 = YaraOffice|Any CPU
		{419230D8-0B57-4EC2-BFB8-A032ACCA1D8A}.Debug|Any CPU.ActiveCfg = Debug|Any CPU
		{419230D8-0B57-4EC2-BFB8-A032ACCA1D8A}.Debug|Any CPU.Build.0 = Debug|Any CPU
		{419230D8-0B57-4EC2-BFB8-A032ACCA1D8A}.iChista|Any CPU.ActiveCfg = iChista|Any CPU
		{419230D8-0B57-4EC2-BFB8-A032ACCA1D8A}.iChista|Any CPU.Build.0 = iChista|Any CPU
		{419230D8-0B57-4EC2-BFB8-A032ACCA1D8A}.ictcrm24|Any CPU.ActiveCfg = ictcrm24|Any CPU
		{419230D8-0B57-4EC2-BFB8-A032ACCA1D8A}.ictcrm24|Any CPU.Build.0 = ictcrm24|Any CPU
		{419230D8-0B57-4EC2-BFB8-A032ACCA1D8A}.rahyarModyran|Any CPU.ActiveCfg = rahyarModyran|Any CPU
		{419230D8-0B57-4EC2-BFB8-A032ACCA1D8A}.rahyarModyran|Any CPU.Build.0 = rahyarModyran|Any CPU
		{419230D8-0B57-4EC2-BFB8-A032ACCA1D8A}.Release|Any CPU.ActiveCfg = Release|Any CPU
		{419230D8-0B57-4EC2-BFB8-A032ACCA1D8A}.Release|Any CPU.Build.0 = Release|Any CPU
		{419230D8-0B57-4EC2-BFB8-A032ACCA1D8A}.SahbaCRM|Any CPU.ActiveCfg = SahbaCRM|Any CPU
		{419230D8-0B57-4EC2-BFB8-A032ACCA1D8A}.SahbaCRM|Any CPU.Build.0 = SahbaCRM|Any CPU
		{419230D8-0B57-4EC2-BFB8-A032ACCA1D8A}.YaraOffice|Any CPU.ActiveCfg = YaraOffice|Any CPU
		{419230D8-0B57-4EC2-BFB8-A032ACCA1D8A}.YaraOffice|Any CPU.Build.0 = YaraOffice|Any CPU
		{5943E9D0-8AF3-4CA0-9D6F-1CAC0768BAF6}.Debug|Any CPU.ActiveCfg = Debug|Any CPU
		{5943E9D0-8AF3-4CA0-9D6F-1CAC0768BAF6}.Debug|Any CPU.Build.0 = Debug|Any CPU
		{5943E9D0-8AF3-4CA0-9D6F-1CAC0768BAF6}.iChista|Any CPU.ActiveCfg = iChista|Any CPU
		{5943E9D0-8AF3-4CA0-9D6F-1CAC0768BAF6}.iChista|Any CPU.Build.0 = iChista|Any CPU
		{5943E9D0-8AF3-4CA0-9D6F-1CAC0768BAF6}.ictcrm24|Any CPU.ActiveCfg = ictcrm24|Any CPU
		{5943E9D0-8AF3-4CA0-9D6F-1CAC0768BAF6}.ictcrm24|Any CPU.Build.0 = ictcrm24|Any CPU
		{5943E9D0-8AF3-4CA0-9D6F-1CAC0768BAF6}.rahyarModyran|Any CPU.ActiveCfg = rahyarModyran|Any CPU
		{5943E9D0-8AF3-4CA0-9D6F-1CAC0768BAF6}.rahyarModyran|Any CPU.Build.0 = rahyarModyran|Any CPU
		{5943E9D0-8AF3-4CA0-9D6F-1CAC0768BAF6}.Release|Any CPU.ActiveCfg = Release|Any CPU
		{5943E9D0-8AF3-4CA0-9D6F-1CAC0768BAF6}.Release|Any CPU.Build.0 = Release|Any CPU
		{5943E9D0-8AF3-4CA0-9D6F-1CAC0768BAF6}.SahbaCRM|Any CPU.ActiveCfg = SahbaCRM|Any CPU
		{5943E9D0-8AF3-4CA0-9D6F-1CAC0768BAF6}.SahbaCRM|Any CPU.Build.0 = SahbaCRM|Any CPU
		{5943E9D0-8AF3-4CA0-9D6F-1CAC0768BAF6}.YaraOffice|Any CPU.ActiveCfg = YaraOffice|Any CPU
		{5943E9D0-8AF3-4CA0-9D6F-1CAC0768BAF6}.YaraOffice|Any CPU.Build.0 = YaraOffice|Any CPU
		{66AB9E92-9628-492E-9782-8E48BBCFA8E1}.Debug|Any CPU.ActiveCfg = Debug|Any CPU
		{66AB9E92-9628-492E-9782-8E48BBCFA8E1}.Debug|Any CPU.Build.0 = Debug|Any CPU
		{66AB9E92-9628-492E-9782-8E48BBCFA8E1}.iChista|Any CPU.ActiveCfg = iChista|Any CPU
		{66AB9E92-9628-492E-9782-8E48BBCFA8E1}.iChista|Any CPU.Build.0 = iChista|Any CPU
		{66AB9E92-9628-492E-9782-8E48BBCFA8E1}.ictcrm24|Any CPU.ActiveCfg = ictcrm24|Any CPU
		{66AB9E92-9628-492E-9782-8E48BBCFA8E1}.ictcrm24|Any CPU.Build.0 = ictcrm24|Any CPU
		{66AB9E92-9628-492E-9782-8E48BBCFA8E1}.rahyarModyran|Any CPU.ActiveCfg = rahyarModyran|Any CPU
		{66AB9E92-9628-492E-9782-8E48BBCFA8E1}.rahyarModyran|Any CPU.Build.0 = rahyarModyran|Any CPU
		{66AB9E92-9628-492E-9782-8E48BBCFA8E1}.Release|Any CPU.ActiveCfg = Release|Any CPU
		{66AB9E92-9628-492E-9782-8E48BBCFA8E1}.Release|Any CPU.Build.0 = Release|Any CPU
		{66AB9E92-9628-492E-9782-8E48BBCFA8E1}.SahbaCRM|Any CPU.ActiveCfg = SahbaCRM|Any CPU
		{66AB9E92-9628-492E-9782-8E48BBCFA8E1}.SahbaCRM|Any CPU.Build.0 = SahbaCRM|Any CPU
		{66AB9E92-9628-492E-9782-8E48BBCFA8E1}.YaraOffice|Any CPU.ActiveCfg = YaraOffice|Any CPU
		{66AB9E92-9628-492E-9782-8E48BBCFA8E1}.YaraOffice|Any CPU.Build.0 = YaraOffice|Any CPU
		{E69B30FA-4054-4533-8940-1DF4BC314E9F}.Debug|Any CPU.ActiveCfg = Debug|Any CPU
		{E69B30FA-4054-4533-8940-1DF4BC314E9F}.Debug|Any CPU.Build.0 = Debug|Any CPU
		{E69B30FA-4054-4533-8940-1DF4BC314E9F}.iChista|Any CPU.ActiveCfg = iChista|Any CPU
		{E69B30FA-4054-4533-8940-1DF4BC314E9F}.iChista|Any CPU.Build.0 = iChista|Any CPU
		{E69B30FA-4054-4533-8940-1DF4BC314E9F}.ictcrm24|Any CPU.ActiveCfg = ictcrm24|Any CPU
		{E69B30FA-4054-4533-8940-1DF4BC314E9F}.ictcrm24|Any CPU.Build.0 = ictcrm24|Any CPU
		{E69B30FA-4054-4533-8940-1DF4BC314E9F}.rahyarModyran|Any CPU.ActiveCfg = rahyarModyran|Any CPU
		{E69B30FA-4054-4533-8940-1DF4BC314E9F}.rahyarModyran|Any CPU.Build.0 = rahyarModyran|Any CPU
		{E69B30FA-4054-4533-8940-1DF4BC314E9F}.Release|Any CPU.ActiveCfg = Release|Any CPU
		{E69B30FA-4054-4533-8940-1DF4BC314E9F}.Release|Any CPU.Build.0 = Release|Any CPU
		{E69B30FA-4054-4533-8940-1DF4BC314E9F}.SahbaCRM|Any CPU.ActiveCfg = SahbaCRM|Any CPU
		{E69B30FA-4054-4533-8940-1DF4BC314E9F}.SahbaCRM|Any CPU.Build.0 = SahbaCRM|Any CPU
		{E69B30FA-4054-4533-8940-1DF4BC314E9F}.YaraOffice|Any CPU.ActiveCfg = YaraOffice|Any CPU
		{E69B30FA-4054-4533-8940-1DF4BC314E9F}.YaraOffice|Any CPU.Build.0 = YaraOffice|Any CPU
		{D0F5B366-37ED-4442-AD64-87630C40D6AD}.Debug|Any CPU.ActiveCfg = Debug|Any CPU
		{D0F5B366-37ED-4442-AD64-87630C40D6AD}.Debug|Any CPU.Build.0 = Debug|Any CPU
		{D0F5B366-37ED-4442-AD64-87630C40D6AD}.iChista|Any CPU.ActiveCfg = iChista|Any CPU
		{D0F5B366-37ED-4442-AD64-87630C40D6AD}.iChista|Any CPU.Build.0 = iChista|Any CPU
		{D0F5B366-37ED-4442-AD64-87630C40D6AD}.ictcrm24|Any CPU.ActiveCfg = ictcrm24|Any CPU
		{D0F5B366-37ED-4442-AD64-87630C40D6AD}.ictcrm24|Any CPU.Build.0 = ictcrm24|Any CPU
		{D0F5B366-37ED-4442-AD64-87630C40D6AD}.rahyarModyran|Any CPU.ActiveCfg = rahyarModyran|Any CPU
		{D0F5B366-37ED-4442-AD64-87630C40D6AD}.rahyarModyran|Any CPU.Build.0 = rahyarModyran|Any CPU
		{D0F5B366-37ED-4442-AD64-87630C40D6AD}.Release|Any CPU.ActiveCfg = Release|Any CPU
		{D0F5B366-37ED-4442-AD64-87630C40D6AD}.Release|Any CPU.Build.0 = Release|Any CPU
		{D0F5B366-37ED-4442-AD64-87630C40D6AD}.SahbaCRM|Any CPU.ActiveCfg = SahbaCRM|Any CPU
		{D0F5B366-37ED-4442-AD64-87630C40D6AD}.SahbaCRM|Any CPU.Build.0 = SahbaCRM|Any CPU
		{D0F5B366-37ED-4442-AD64-87630C40D6AD}.YaraOffice|Any CPU.ActiveCfg = YaraOffice|Any CPU
		{D0F5B366-37ED-4442-AD64-87630C40D6AD}.YaraOffice|Any CPU.Build.0 = YaraOffice|Any CPU
		{EF76B337-DE7E-4EBF-AA96-FB1C330F00FC}.Debug|Any CPU.ActiveCfg = Debug|Any CPU
		{EF76B337-DE7E-4EBF-AA96-FB1C330F00FC}.Debug|Any CPU.Build.0 = Debug|Any CPU
		{EF76B337-DE7E-4EBF-AA96-FB1C330F00FC}.iChista|Any CPU.ActiveCfg = iChista|Any CPU
		{EF76B337-DE7E-4EBF-AA96-FB1C330F00FC}.iChista|Any CPU.Build.0 = iChista|Any CPU
		{EF76B337-DE7E-4EBF-AA96-FB1C330F00FC}.ictcrm24|Any CPU.ActiveCfg = ictcrm24|Any CPU
		{EF76B337-DE7E-4EBF-AA96-FB1C330F00FC}.ictcrm24|Any CPU.Build.0 = ictcrm24|Any CPU
		{EF76B337-DE7E-4EBF-AA96-FB1C330F00FC}.rahyarModyran|Any CPU.ActiveCfg = rahyarModyran|Any CPU
		{EF76B337-DE7E-4EBF-AA96-FB1C330F00FC}.rahyarModyran|Any CPU.Build.0 = rahyarModyran|Any CPU
		{EF76B337-DE7E-4EBF-AA96-FB1C330F00FC}.Release|Any CPU.ActiveCfg = Release|Any CPU
		{EF76B337-DE7E-4EBF-AA96-FB1C330F00FC}.Release|Any CPU.Build.0 = Release|Any CPU
		{EF76B337-DE7E-4EBF-AA96-FB1C330F00FC}.SahbaCRM|Any CPU.ActiveCfg = SahbaCRM|Any CPU
		{EF76B337-DE7E-4EBF-AA96-FB1C330F00FC}.SahbaCRM|Any CPU.Build.0 = SahbaCRM|Any CPU
		{EF76B337-DE7E-4EBF-AA96-FB1C330F00FC}.YaraOffice|Any CPU.ActiveCfg = YaraOffice|Any CPU
		{EF76B337-DE7E-4EBF-AA96-FB1C330F00FC}.YaraOffice|Any CPU.Build.0 = YaraOffice|Any CPU
		{6D506300-9618-4255-9F35-A2571F80CE26}.Debug|Any CPU.ActiveCfg = Debug|Any CPU
		{6D506300-9618-4255-9F35-A2571F80CE26}.Debug|Any CPU.Build.0 = Debug|Any CPU
		{6D506300-9618-4255-9F35-A2571F80CE26}.iChista|Any CPU.ActiveCfg = iChista|Any CPU
		{6D506300-9618-4255-9F35-A2571F80CE26}.iChista|Any CPU.Build.0 = iChista|Any CPU
		{6D506300-9618-4255-9F35-A2571F80CE26}.ictcrm24|Any CPU.ActiveCfg = ictcrm24|Any CPU
		{6D506300-9618-4255-9F35-A2571F80CE26}.ictcrm24|Any CPU.Build.0 = ictcrm24|Any CPU
		{6D506300-9618-4255-9F35-A2571F80CE26}.rahyarModyran|Any CPU.ActiveCfg = rahyarModyran|Any CPU
		{6D506300-9618-4255-9F35-A2571F80CE26}.rahyarModyran|Any CPU.Build.0 = rahyarModyran|Any CPU
		{6D506300-9618-4255-9F35-A2571F80CE26}.Release|Any CPU.ActiveCfg = Release|Any CPU
		{6D506300-9618-4255-9F35-A2571F80CE26}.Release|Any CPU.Build.0 = Release|Any CPU
		{6D506300-9618-4255-9F35-A2571F80CE26}.SahbaCRM|Any CPU.ActiveCfg = SahbaCRM|Any CPU
		{6D506300-9618-4255-9F35-A2571F80CE26}.SahbaCRM|Any CPU.Build.0 = SahbaCRM|Any CPU
		{6D506300-9618-4255-9F35-A2571F80CE26}.YaraOffice|Any CPU.ActiveCfg = YaraOffice|Any CPU
		{6D506300-9618-4255-9F35-A2571F80CE26}.YaraOffice|Any CPU.Build.0 = YaraOffice|Any CPU
		{37E9A324-CCD6-4C1C-9E49-E71E4BDABE4B}.Debug|Any CPU.ActiveCfg = Debug|Any CPU
		{37E9A324-CCD6-4C1C-9E49-E71E4BDABE4B}.Debug|Any CPU.Build.0 = Debug|Any CPU
		{37E9A324-CCD6-4C1C-9E49-E71E4BDABE4B}.iChista|Any CPU.ActiveCfg = iChista|Any CPU
		{37E9A324-CCD6-4C1C-9E49-E71E4BDABE4B}.iChista|Any CPU.Build.0 = iChista|Any CPU
		{37E9A324-CCD6-4C1C-9E49-E71E4BDABE4B}.ictcrm24|Any CPU.ActiveCfg = ictcrm24|Any CPU
		{37E9A324-CCD6-4C1C-9E49-E71E4BDABE4B}.ictcrm24|Any CPU.Build.0 = ictcrm24|Any CPU
		{37E9A324-CCD6-4C1C-9E49-E71E4BDABE4B}.rahyarModyran|Any CPU.ActiveCfg = rahyarModyran|Any CPU
		{37E9A324-CCD6-4C1C-9E49-E71E4BDABE4B}.rahyarModyran|Any CPU.Build.0 = rahyarModyran|Any CPU
		{37E9A324-CCD6-4C1C-9E49-E71E4BDABE4B}.Release|Any CPU.ActiveCfg = Release|Any CPU
		{37E9A324-CCD6-4C1C-9E49-E71E4BDABE4B}.Release|Any CPU.Build.0 = Release|Any CPU
		{37E9A324-CCD6-4C1C-9E49-E71E4BDABE4B}.SahbaCRM|Any CPU.ActiveCfg = SahbaCRM|Any CPU
		{37E9A324-CCD6-4C1C-9E49-E71E4BDABE4B}.SahbaCRM|Any CPU.Build.0 = SahbaCRM|Any CPU
		{37E9A324-CCD6-4C1C-9E49-E71E4BDABE4B}.YaraOffice|Any CPU.ActiveCfg = YaraOffice|Any CPU
		{37E9A324-CCD6-4C1C-9E49-E71E4BDABE4B}.YaraOffice|Any CPU.Build.0 = YaraOffice|Any CPU
		{40E2CB42-815F-47AF-81E6-29F01F1CC476}.Debug|Any CPU.ActiveCfg = Debug|Any CPU
		{40E2CB42-815F-47AF-81E6-29F01F1CC476}.Debug|Any CPU.Build.0 = Debug|Any CPU
		{40E2CB42-815F-47AF-81E6-29F01F1CC476}.iChista|Any CPU.ActiveCfg = iChista|Any CPU
		{40E2CB42-815F-47AF-81E6-29F01F1CC476}.iChista|Any CPU.Build.0 = iChista|Any CPU
		{40E2CB42-815F-47AF-81E6-29F01F1CC476}.ictcrm24|Any CPU.ActiveCfg = ictcrm24|Any CPU
		{40E2CB42-815F-47AF-81E6-29F01F1CC476}.ictcrm24|Any CPU.Build.0 = ictcrm24|Any CPU
		{40E2CB42-815F-47AF-81E6-29F01F1CC476}.rahyarModyran|Any CPU.ActiveCfg = rahyarModyran|Any CPU
		{40E2CB42-815F-47AF-81E6-29F01F1CC476}.rahyarModyran|Any CPU.Build.0 = rahyarModyran|Any CPU
		{40E2CB42-815F-47AF-81E6-29F01F1CC476}.Release|Any CPU.ActiveCfg = Release|Any CPU
		{40E2CB42-815F-47AF-81E6-29F01F1CC476}.Release|Any CPU.Build.0 = Release|Any CPU
		{40E2CB42-815F-47AF-81E6-29F01F1CC476}.SahbaCRM|Any CPU.ActiveCfg = SahbaCRM|Any CPU
		{40E2CB42-815F-47AF-81E6-29F01F1CC476}.SahbaCRM|Any CPU.Build.0 = SahbaCRM|Any CPU
		{40E2CB42-815F-47AF-81E6-29F01F1CC476}.YaraOffice|Any CPU.ActiveCfg = YaraOffice|Any CPU
		{40E2CB42-815F-47AF-81E6-29F01F1CC476}.YaraOffice|Any CPU.Build.0 = YaraOffice|Any CPU
		{8CC7029A-A904-445C-B894-11B99BE46D9D}.Debug|Any CPU.ActiveCfg = Debug|Any CPU
		{8CC7029A-A904-445C-B894-11B99BE46D9D}.Debug|Any CPU.Build.0 = Debug|Any CPU
		{8CC7029A-A904-445C-B894-11B99BE46D9D}.iChista|Any CPU.ActiveCfg = iChista|Any CPU
		{8CC7029A-A904-445C-B894-11B99BE46D9D}.iChista|Any CPU.Build.0 = iChista|Any CPU
		{8CC7029A-A904-445C-B894-11B99BE46D9D}.ictcrm24|Any CPU.ActiveCfg = ictcrm24|Any CPU
		{8CC7029A-A904-445C-B894-11B99BE46D9D}.ictcrm24|Any CPU.Build.0 = ictcrm24|Any CPU
		{8CC7029A-A904-445C-B894-11B99BE46D9D}.rahyarModyran|Any CPU.ActiveCfg = rahyarModyran|Any CPU
		{8CC7029A-A904-445C-B894-11B99BE46D9D}.rahyarModyran|Any CPU.Build.0 = rahyarModyran|Any CPU
		{8CC7029A-A904-445C-B894-11B99BE46D9D}.Release|Any CPU.ActiveCfg = Release|Any CPU
		{8CC7029A-A904-445C-B894-11B99BE46D9D}.Release|Any CPU.Build.0 = Release|Any CPU
		{8CC7029A-A904-445C-B894-11B99BE46D9D}.SahbaCRM|Any CPU.ActiveCfg = SahbaCRM|Any CPU
		{8CC7029A-A904-445C-B894-11B99BE46D9D}.SahbaCRM|Any CPU.Build.0 = SahbaCRM|Any CPU
		{8CC7029A-A904-445C-B894-11B99BE46D9D}.YaraOffice|Any CPU.ActiveCfg = YaraOffice|Any CPU
		{8CC7029A-A904-445C-B894-11B99BE46D9D}.YaraOffice|Any CPU.Build.0 = YaraOffice|Any CPU
		{0FB0C267-F11B-4E95-B1B7-545AB616C658}.Debug|Any CPU.ActiveCfg = Debug|Any CPU
		{0FB0C267-F11B-4E95-B1B7-545AB616C658}.Debug|Any CPU.Build.0 = Debug|Any CPU
		{0FB0C267-F11B-4E95-B1B7-545AB616C658}.iChista|Any CPU.ActiveCfg = iChista|Any CPU
		{0FB0C267-F11B-4E95-B1B7-545AB616C658}.iChista|Any CPU.Build.0 = iChista|Any CPU
		{0FB0C267-F11B-4E95-B1B7-545AB616C658}.ictcrm24|Any CPU.ActiveCfg = ictcrm24|Any CPU
		{0FB0C267-F11B-4E95-B1B7-545AB616C658}.ictcrm24|Any CPU.Build.0 = ictcrm24|Any CPU
		{0FB0C267-F11B-4E95-B1B7-545AB616C658}.rahyarModyran|Any CPU.ActiveCfg = rahyarModyran|Any CPU
		{0FB0C267-F11B-4E95-B1B7-545AB616C658}.rahyarModyran|Any CPU.Build.0 = rahyarModyran|Any CPU
		{0FB0C267-F11B-4E95-B1B7-545AB616C658}.Release|Any CPU.ActiveCfg = Release|Any CPU
		{0FB0C267-F11B-4E95-B1B7-545AB616C658}.Release|Any CPU.Build.0 = Release|Any CPU
		{0FB0C267-F11B-4E95-B1B7-545AB616C658}.SahbaCRM|Any CPU.ActiveCfg = SahbaCRM|Any CPU
		{0FB0C267-F11B-4E95-B1B7-545AB616C658}.SahbaCRM|Any CPU.Build.0 = SahbaCRM|Any CPU
		{0FB0C267-F11B-4E95-B1B7-545AB616C658}.YaraOffice|Any CPU.ActiveCfg = YaraOffice|Any CPU
		{0FB0C267-F11B-4E95-B1B7-545AB616C658}.YaraOffice|Any CPU.Build.0 = YaraOffice|Any CPU
		{8C93FE58-83C2-4CA8-BD4C-41AEBC4DBC0B}.Debug|Any CPU.ActiveCfg = Debug|Any CPU
		{8C93FE58-83C2-4CA8-BD4C-41AEBC4DBC0B}.Debug|Any CPU.Build.0 = Debug|Any CPU
		{8C93FE58-83C2-4CA8-BD4C-41AEBC4DBC0B}.iChista|Any CPU.ActiveCfg = iChista|Any CPU
		{8C93FE58-83C2-4CA8-BD4C-41AEBC4DBC0B}.iChista|Any CPU.Build.0 = iChista|Any CPU
		{8C93FE58-83C2-4CA8-BD4C-41AEBC4DBC0B}.ictcrm24|Any CPU.ActiveCfg = ictcrm24|Any CPU
		{8C93FE58-83C2-4CA8-BD4C-41AEBC4DBC0B}.ictcrm24|Any CPU.Build.0 = ictcrm24|Any CPU
		{8C93FE58-83C2-4CA8-BD4C-41AEBC4DBC0B}.rahyarModyran|Any CPU.ActiveCfg = rahyarModyran|Any CPU
		{8C93FE58-83C2-4CA8-BD4C-41AEBC4DBC0B}.rahyarModyran|Any CPU.Build.0 = rahyarModyran|Any CPU
		{8C93FE58-83C2-4CA8-BD4C-41AEBC4DBC0B}.Release|Any CPU.ActiveCfg = Release|Any CPU
		{8C93FE58-83C2-4CA8-BD4C-41AEBC4DBC0B}.Release|Any CPU.Build.0 = Release|Any CPU
		{8C93FE58-83C2-4CA8-BD4C-41AEBC4DBC0B}.SahbaCRM|Any CPU.ActiveCfg = SahbaCRM|Any CPU
		{8C93FE58-83C2-4CA8-BD4C-41AEBC4DBC0B}.SahbaCRM|Any CPU.Build.0 = SahbaCRM|Any CPU
		{8C93FE58-83C2-4CA8-BD4C-41AEBC4DBC0B}.YaraOffice|Any CPU.ActiveCfg = YaraOffice|Any CPU
		{8C93FE58-83C2-4CA8-BD4C-41AEBC4DBC0B}.YaraOffice|Any CPU.Build.0 = YaraOffice|Any CPU
		{786FE447-4DBA-456F-9BD1-2357AF835F47}.Debug|Any CPU.ActiveCfg = Debug|Any CPU
		{786FE447-4DBA-456F-9BD1-2357AF835F47}.Debug|Any CPU.Build.0 = Debug|Any CPU
		{786FE447-4DBA-456F-9BD1-2357AF835F47}.iChista|Any CPU.ActiveCfg = iChista|Any CPU
		{786FE447-4DBA-456F-9BD1-2357AF835F47}.iChista|Any CPU.Build.0 = iChista|Any CPU
		{786FE447-4DBA-456F-9BD1-2357AF835F47}.ictcrm24|Any CPU.ActiveCfg = ictcrm24|Any CPU
		{786FE447-4DBA-456F-9BD1-2357AF835F47}.ictcrm24|Any CPU.Build.0 = ictcrm24|Any CPU
		{786FE447-4DBA-456F-9BD1-2357AF835F47}.rahyarModyran|Any CPU.ActiveCfg = rahyarModyran|Any CPU
		{786FE447-4DBA-456F-9BD1-2357AF835F47}.rahyarModyran|Any CPU.Build.0 = rahyarModyran|Any CPU
		{786FE447-4DBA-456F-9BD1-2357AF835F47}.Release|Any CPU.ActiveCfg = Release|Any CPU
		{786FE447-4DBA-456F-9BD1-2357AF835F47}.Release|Any CPU.Build.0 = Release|Any CPU
		{786FE447-4DBA-456F-9BD1-2357AF835F47}.SahbaCRM|Any CPU.ActiveCfg = SahbaCRM|Any CPU
		{786FE447-4DBA-456F-9BD1-2357AF835F47}.SahbaCRM|Any CPU.Build.0 = SahbaCRM|Any CPU
		{786FE447-4DBA-456F-9BD1-2357AF835F47}.YaraOffice|Any CPU.ActiveCfg = YaraOffice|Any CPU
		{786FE447-4DBA-456F-9BD1-2357AF835F47}.YaraOffice|Any CPU.Build.0 = YaraOffice|Any CPU
		{4BCF414B-52BA-4DD5-8A9B-BF84EC41651C}.Debug|Any CPU.ActiveCfg = Debug|Any CPU
		{4BCF414B-52BA-4DD5-8A9B-BF84EC41651C}.Debug|Any CPU.Build.0 = Debug|Any CPU
		{4BCF414B-52BA-4DD5-8A9B-BF84EC41651C}.iChista|Any CPU.ActiveCfg = iChista|Any CPU
		{4BCF414B-52BA-4DD5-8A9B-BF84EC41651C}.iChista|Any CPU.Build.0 = iChista|Any CPU
		{4BCF414B-52BA-4DD5-8A9B-BF84EC41651C}.ictcrm24|Any CPU.ActiveCfg = ictcrm24|Any CPU
		{4BCF414B-52BA-4DD5-8A9B-BF84EC41651C}.ictcrm24|Any CPU.Build.0 = ictcrm24|Any CPU
		{4BCF414B-52BA-4DD5-8A9B-BF84EC41651C}.rahyarModyran|Any CPU.ActiveCfg = rahyarModyran|Any CPU
		{4BCF414B-52BA-4DD5-8A9B-BF84EC41651C}.rahyarModyran|Any CPU.Build.0 = rahyarModyran|Any CPU
		{4BCF414B-52BA-4DD5-8A9B-BF84EC41651C}.Release|Any CPU.ActiveCfg = Release|Any CPU
		{4BCF414B-52BA-4DD5-8A9B-BF84EC41651C}.Release|Any CPU.Build.0 = Release|Any CPU
		{4BCF414B-52BA-4DD5-8A9B-BF84EC41651C}.SahbaCRM|Any CPU.ActiveCfg = SahbaCRM|Any CPU
		{4BCF414B-52BA-4DD5-8A9B-BF84EC41651C}.SahbaCRM|Any CPU.Build.0 = SahbaCRM|Any CPU
		{4BCF414B-52BA-4DD5-8A9B-BF84EC41651C}.YaraOffice|Any CPU.ActiveCfg = YaraOffice|Any CPU
		{4BCF414B-52BA-4DD5-8A9B-BF84EC41651C}.YaraOffice|Any CPU.Build.0 = YaraOffice|Any CPU
		{97118E79-4F18-4EEB-8B81-EE43B77D0293}.Debug|Any CPU.ActiveCfg = Debug|Any CPU
		{97118E79-4F18-4EEB-8B81-EE43B77D0293}.Debug|Any CPU.Build.0 = Debug|Any CPU
		{97118E79-4F18-4EEB-8B81-EE43B77D0293}.iChista|Any CPU.ActiveCfg = iChista|Any CPU
		{97118E79-4F18-4EEB-8B81-EE43B77D0293}.iChista|Any CPU.Build.0 = iChista|Any CPU
		{97118E79-4F18-4EEB-8B81-EE43B77D0293}.ictcrm24|Any CPU.ActiveCfg = ictcrm24|Any CPU
		{97118E79-4F18-4EEB-8B81-EE43B77D0293}.ictcrm24|Any CPU.Build.0 = ictcrm24|Any CPU
		{97118E79-4F18-4EEB-8B81-EE43B77D0293}.rahyarModyran|Any CPU.ActiveCfg = rahyarModyran|Any CPU
		{97118E79-4F18-4EEB-8B81-EE43B77D0293}.rahyarModyran|Any CPU.Build.0 = rahyarModyran|Any CPU
		{97118E79-4F18-4EEB-8B81-EE43B77D0293}.Release|Any CPU.ActiveCfg = Release|Any CPU
		{97118E79-4F18-4EEB-8B81-EE43B77D0293}.Release|Any CPU.Build.0 = Release|Any CPU
		{97118E79-4F18-4EEB-8B81-EE43B77D0293}.SahbaCRM|Any CPU.ActiveCfg = SahbaCRM|Any CPU
		{97118E79-4F18-4EEB-8B81-EE43B77D0293}.SahbaCRM|Any CPU.Build.0 = SahbaCRM|Any CPU
		{97118E79-4F18-4EEB-8B81-EE43B77D0293}.YaraOffice|Any CPU.ActiveCfg = YaraOffice|Any CPU
		{97118E79-4F18-4EEB-8B81-EE43B77D0293}.YaraOffice|Any CPU.Build.0 = YaraOffice|Any CPU
		{D423CD9B-30CD-493E-BFB1-0DF4365A01B1}.Debug|Any CPU.ActiveCfg = Debug|Any CPU
		{D423CD9B-30CD-493E-BFB1-0DF4365A01B1}.Debug|Any CPU.Build.0 = Debug|Any CPU
		{D423CD9B-30CD-493E-BFB1-0DF4365A01B1}.iChista|Any CPU.ActiveCfg = iChista|Any CPU
		{D423CD9B-30CD-493E-BFB1-0DF4365A01B1}.iChista|Any CPU.Build.0 = iChista|Any CPU
		{D423CD9B-30CD-493E-BFB1-0DF4365A01B1}.ictcrm24|Any CPU.ActiveCfg = ictcrm24|Any CPU
		{D423CD9B-30CD-493E-BFB1-0DF4365A01B1}.ictcrm24|Any CPU.Build.0 = ictcrm24|Any CPU
		{D423CD9B-30CD-493E-BFB1-0DF4365A01B1}.rahyarModyran|Any CPU.ActiveCfg = rahyarModyran|Any CPU
		{D423CD9B-30CD-493E-BFB1-0DF4365A01B1}.rahyarModyran|Any CPU.Build.0 = rahyarModyran|Any CPU
		{D423CD9B-30CD-493E-BFB1-0DF4365A01B1}.Release|Any CPU.ActiveCfg = Release|Any CPU
		{D423CD9B-30CD-493E-BFB1-0DF4365A01B1}.Release|Any CPU.Build.0 = Release|Any CPU
		{D423CD9B-30CD-493E-BFB1-0DF4365A01B1}.SahbaCRM|Any CPU.ActiveCfg = SahbaCRM|Any CPU
		{D423CD9B-30CD-493E-BFB1-0DF4365A01B1}.SahbaCRM|Any CPU.Build.0 = SahbaCRM|Any CPU
		{D423CD9B-30CD-493E-BFB1-0DF4365A01B1}.YaraOffice|Any CPU.ActiveCfg = YaraOffice|Any CPU
		{D423CD9B-30CD-493E-BFB1-0DF4365A01B1}.YaraOffice|Any CPU.Build.0 = YaraOffice|Any CPU
		{CA5AD192-35CE-46D5-ABE4-A2E50214894F}.Debug|Any CPU.ActiveCfg = Debug|Any CPU
		{CA5AD192-35CE-46D5-ABE4-A2E50214894F}.Debug|Any CPU.Build.0 = Debug|Any CPU
		{CA5AD192-35CE-46D5-ABE4-A2E50214894F}.iChista|Any CPU.ActiveCfg = iChista|Any CPU
		{CA5AD192-35CE-46D5-ABE4-A2E50214894F}.iChista|Any CPU.Build.0 = iChista|Any CPU
		{CA5AD192-35CE-46D5-ABE4-A2E50214894F}.ictcrm24|Any CPU.ActiveCfg = ictcrm24|Any CPU
		{CA5AD192-35CE-46D5-ABE4-A2E50214894F}.ictcrm24|Any CPU.Build.0 = ictcrm24|Any CPU
		{CA5AD192-35CE-46D5-ABE4-A2E50214894F}.rahyarModyran|Any CPU.ActiveCfg = rahyarModyran|Any CPU
		{CA5AD192-35CE-46D5-ABE4-A2E50214894F}.rahyarModyran|Any CPU.Build.0 = rahyarModyran|Any CPU
		{CA5AD192-35CE-46D5-ABE4-A2E50214894F}.Release|Any CPU.ActiveCfg = Release|Any CPU
		{CA5AD192-35CE-46D5-ABE4-A2E50214894F}.Release|Any CPU.Build.0 = Release|Any CPU
		{CA5AD192-35CE-46D5-ABE4-A2E50214894F}.SahbaCRM|Any CPU.ActiveCfg = SahbaCRM|Any CPU
		{CA5AD192-35CE-46D5-ABE4-A2E50214894F}.SahbaCRM|Any CPU.Build.0 = SahbaCRM|Any CPU
		{CA5AD192-35CE-46D5-ABE4-A2E50214894F}.YaraOffice|Any CPU.ActiveCfg = YaraOffice|Any CPU
		{CA5AD192-35CE-46D5-ABE4-A2E50214894F}.YaraOffice|Any CPU.Build.0 = YaraOffice|Any CPU
		{13889217-2347-4396-89A6-A596AAC30DB9}.Debug|Any CPU.ActiveCfg = Debug|Any CPU
		{13889217-2347-4396-89A6-A596AAC30DB9}.Debug|Any CPU.Build.0 = Debug|Any CPU
		{13889217-2347-4396-89A6-A596AAC30DB9}.iChista|Any CPU.ActiveCfg = iChista|Any CPU
		{13889217-2347-4396-89A6-A596AAC30DB9}.iChista|Any CPU.Build.0 = iChista|Any CPU
		{13889217-2347-4396-89A6-A596AAC30DB9}.ictcrm24|Any CPU.ActiveCfg = ictcrm24|Any CPU
		{13889217-2347-4396-89A6-A596AAC30DB9}.ictcrm24|Any CPU.Build.0 = ictcrm24|Any CPU
		{13889217-2347-4396-89A6-A596AAC30DB9}.rahyarModyran|Any CPU.ActiveCfg = rahyarModyran|Any CPU
		{13889217-2347-4396-89A6-A596AAC30DB9}.rahyarModyran|Any CPU.Build.0 = rahyarModyran|Any CPU
		{13889217-2347-4396-89A6-A596AAC30DB9}.Release|Any CPU.ActiveCfg = Release|Any CPU
		{13889217-2347-4396-89A6-A596AAC30DB9}.Release|Any CPU.Build.0 = Release|Any CPU
		{13889217-2347-4396-89A6-A596AAC30DB9}.SahbaCRM|Any CPU.ActiveCfg = SahbaCRM|Any CPU
		{13889217-2347-4396-89A6-A596AAC30DB9}.SahbaCRM|Any CPU.Build.0 = SahbaCRM|Any CPU
		{13889217-2347-4396-89A6-A596AAC30DB9}.YaraOffice|Any CPU.ActiveCfg = YaraOffice|Any CPU
		{13889217-2347-4396-89A6-A596AAC30DB9}.YaraOffice|Any CPU.Build.0 = YaraOffice|Any CPU
		{709F0657-F875-401D-A26C-C8B2C2B3CCF5}.Debug|Any CPU.ActiveCfg = Debug|Any CPU
		{709F0657-F875-401D-A26C-C8B2C2B3CCF5}.Debug|Any CPU.Build.0 = Debug|Any CPU
		{709F0657-F875-401D-A26C-C8B2C2B3CCF5}.iChista|Any CPU.ActiveCfg = iChista|Any CPU
		{709F0657-F875-401D-A26C-C8B2C2B3CCF5}.iChista|Any CPU.Build.0 = iChista|Any CPU
		{709F0657-F875-401D-A26C-C8B2C2B3CCF5}.ictcrm24|Any CPU.ActiveCfg = ictcrm24|Any CPU
		{709F0657-F875-401D-A26C-C8B2C2B3CCF5}.ictcrm24|Any CPU.Build.0 = ictcrm24|Any CPU
		{709F0657-F875-401D-A26C-C8B2C2B3CCF5}.rahyarModyran|Any CPU.ActiveCfg = rahyarModyran|Any CPU
		{709F0657-F875-401D-A26C-C8B2C2B3CCF5}.rahyarModyran|Any CPU.Build.0 = rahyarModyran|Any CPU
		{709F0657-F875-401D-A26C-C8B2C2B3CCF5}.Release|Any CPU.ActiveCfg = Release|Any CPU
		{709F0657-F875-401D-A26C-C8B2C2B3CCF5}.Release|Any CPU.Build.0 = Release|Any CPU
		{709F0657-F875-401D-A26C-C8B2C2B3CCF5}.SahbaCRM|Any CPU.ActiveCfg = SahbaCRM|Any CPU
		{709F0657-F875-401D-A26C-C8B2C2B3CCF5}.SahbaCRM|Any CPU.Build.0 = SahbaCRM|Any CPU
		{709F0657-F875-401D-A26C-C8B2C2B3CCF5}.YaraOffice|Any CPU.ActiveCfg = YaraOffice|Any CPU
		{709F0657-F875-401D-A26C-C8B2C2B3CCF5}.YaraOffice|Any CPU.Build.0 = YaraOffice|Any CPU
		{F4CBD465-F996-4650-A10F-AB58F2F7E21E}.Debug|Any CPU.ActiveCfg = Debug|Any CPU
		{F4CBD465-F996-4650-A10F-AB58F2F7E21E}.Debug|Any CPU.Build.0 = Debug|Any CPU
		{F4CBD465-F996-4650-A10F-AB58F2F7E21E}.iChista|Any CPU.ActiveCfg = iChista|Any CPU
		{F4CBD465-F996-4650-A10F-AB58F2F7E21E}.iChista|Any CPU.Build.0 = iChista|Any CPU
		{F4CBD465-F996-4650-A10F-AB58F2F7E21E}.ictcrm24|Any CPU.ActiveCfg = ictcrm24|Any CPU
		{F4CBD465-F996-4650-A10F-AB58F2F7E21E}.ictcrm24|Any CPU.Build.0 = ictcrm24|Any CPU
		{F4CBD465-F996-4650-A10F-AB58F2F7E21E}.rahyarModyran|Any CPU.ActiveCfg = rahyarModyran|Any CPU
		{F4CBD465-F996-4650-A10F-AB58F2F7E21E}.rahyarModyran|Any CPU.Build.0 = rahyarModyran|Any CPU
		{F4CBD465-F996-4650-A10F-AB58F2F7E21E}.Release|Any CPU.ActiveCfg = Release|Any CPU
		{F4CBD465-F996-4650-A10F-AB58F2F7E21E}.Release|Any CPU.Build.0 = Release|Any CPU
		{F4CBD465-F996-4650-A10F-AB58F2F7E21E}.SahbaCRM|Any CPU.ActiveCfg = SahbaCRM|Any CPU
		{F4CBD465-F996-4650-A10F-AB58F2F7E21E}.SahbaCRM|Any CPU.Build.0 = SahbaCRM|Any CPU
		{F4CBD465-F996-4650-A10F-AB58F2F7E21E}.YaraOffice|Any CPU.ActiveCfg = YaraOffice|Any CPU
		{F4CBD465-F996-4650-A10F-AB58F2F7E21E}.YaraOffice|Any CPU.Build.0 = YaraOffice|Any CPU
		{413FFDCB-4B44-4E7F-BB18-ADA13B9FE0EA}.Debug|Any CPU.ActiveCfg = Debug|Any CPU
		{413FFDCB-4B44-4E7F-BB18-ADA13B9FE0EA}.Debug|Any CPU.Build.0 = Debug|Any CPU
		{413FFDCB-4B44-4E7F-BB18-ADA13B9FE0EA}.iChista|Any CPU.ActiveCfg = iChista|Any CPU
		{413FFDCB-4B44-4E7F-BB18-ADA13B9FE0EA}.iChista|Any CPU.Build.0 = iChista|Any CPU
		{413FFDCB-4B44-4E7F-BB18-ADA13B9FE0EA}.ictcrm24|Any CPU.ActiveCfg = ictcrm24|Any CPU
		{413FFDCB-4B44-4E7F-BB18-ADA13B9FE0EA}.ictcrm24|Any CPU.Build.0 = ictcrm24|Any CPU
		{413FFDCB-4B44-4E7F-BB18-ADA13B9FE0EA}.rahyarModyran|Any CPU.ActiveCfg = rahyarModyran|Any CPU
		{413FFDCB-4B44-4E7F-BB18-ADA13B9FE0EA}.rahyarModyran|Any CPU.Build.0 = rahyarModyran|Any CPU
		{413FFDCB-4B44-4E7F-BB18-ADA13B9FE0EA}.Release|Any CPU.ActiveCfg = Release|Any CPU
		{413FFDCB-4B44-4E7F-BB18-ADA13B9FE0EA}.Release|Any CPU.Build.0 = Release|Any CPU
		{413FFDCB-4B44-4E7F-BB18-ADA13B9FE0EA}.SahbaCRM|Any CPU.ActiveCfg = SahbaCRM|Any CPU
		{413FFDCB-4B44-4E7F-BB18-ADA13B9FE0EA}.SahbaCRM|Any CPU.Build.0 = SahbaCRM|Any CPU
		{413FFDCB-4B44-4E7F-BB18-ADA13B9FE0EA}.YaraOffice|Any CPU.ActiveCfg = YaraOffice|Any CPU
		{413FFDCB-4B44-4E7F-BB18-ADA13B9FE0EA}.YaraOffice|Any CPU.Build.0 = YaraOffice|Any CPU
	EndGlobalSection
	GlobalSection(SolutionProperties) = preSolution
		HideSolutionNode = FALSE
	EndGlobalSection
	GlobalSection(NestedProjects) = preSolution
		{17C93C55-727A-404D-8950-2BD945F8C4A0} = {8DD7AE50-5CAD-4300-87B7-5DF5A1F428B5}
		{AA553857-57A1-4525-9DA4-50ED25D0D46F} = {17C93C55-727A-404D-8950-2BD945F8C4A0}
		{A57169CE-8217-4D09-820B-7F3832EF9475} = {8DD7AE50-5CAD-4300-87B7-5DF5A1F428B5}
		{EECE9035-C5B4-4E01-9EF1-D626677F6C28} = {17C93C55-727A-404D-8950-2BD945F8C4A0}
		{EF3C9694-D5A2-46FA-9197-106D42D191DC} = {A6893CDC-6586-46CC-9D0E-6F6C8BFE19C2}
		{419230D8-0B57-4EC2-BFB8-A032ACCA1D8A} = {17C93C55-727A-404D-8950-2BD945F8C4A0}
		{5943E9D0-8AF3-4CA0-9D6F-1CAC0768BAF6} = {8DD7AE50-5CAD-4300-87B7-5DF5A1F428B5}
		{66AB9E92-9628-492E-9782-8E48BBCFA8E1} = {17C93C55-727A-404D-8950-2BD945F8C4A0}
		{E69B30FA-4054-4533-8940-1DF4BC314E9F} = {8DD7AE50-5CAD-4300-87B7-5DF5A1F428B5}
		{D0F5B366-37ED-4442-AD64-87630C40D6AD} = {8DD7AE50-5CAD-4300-87B7-5DF5A1F428B5}
		{EF76B337-DE7E-4EBF-AA96-FB1C330F00FC} = {8DD7AE50-5CAD-4300-87B7-5DF5A1F428B5}
		{6D506300-9618-4255-9F35-A2571F80CE26} = {8DD7AE50-5CAD-4300-87B7-5DF5A1F428B5}
		{37E9A324-CCD6-4C1C-9E49-E71E4BDABE4B} = {8DD7AE50-5CAD-4300-87B7-5DF5A1F428B5}
		{40E2CB42-815F-47AF-81E6-29F01F1CC476} = {8DD7AE50-5CAD-4300-87B7-5DF5A1F428B5}
		{8CC7029A-A904-445C-B894-11B99BE46D9D} = {8DD7AE50-5CAD-4300-87B7-5DF5A1F428B5}
		{0FB0C267-F11B-4E95-B1B7-545AB616C658} = {17C93C55-727A-404D-8950-2BD945F8C4A0}
		{8C93FE58-83C2-4CA8-BD4C-41AEBC4DBC0B} = {8DD7AE50-5CAD-4300-87B7-5DF5A1F428B5}
		{786FE447-4DBA-456F-9BD1-2357AF835F47} = {8DD7AE50-5CAD-4300-87B7-5DF5A1F428B5}
		{4BCF414B-52BA-4DD5-8A9B-BF84EC41651C} = {8DD7AE50-5CAD-4300-87B7-5DF5A1F428B5}
		{97118E79-4F18-4EEB-8B81-EE43B77D0293} = {8DD7AE50-5CAD-4300-87B7-5DF5A1F428B5}
		{D423CD9B-30CD-493E-BFB1-0DF4365A01B1} = {8DD7AE50-5CAD-4300-87B7-5DF5A1F428B5}
		{CA5AD192-35CE-46D5-ABE4-A2E50214894F} = {8DD7AE50-5CAD-4300-87B7-5DF5A1F428B5}
		{13889217-2347-4396-89A6-A596AAC30DB9} = {8DD7AE50-5CAD-4300-87B7-5DF5A1F428B5}
		{709F0657-F875-401D-A26C-C8B2C2B3CCF5} = {8DD7AE50-5CAD-4300-87B7-5DF5A1F428B5}
		{F4CBD465-F996-4650-A10F-AB58F2F7E21E} = {8DD7AE50-5CAD-4300-87B7-5DF5A1F428B5}
		{413FFDCB-4B44-4E7F-BB18-ADA13B9FE0EA} = {8DD7AE50-5CAD-4300-87B7-5DF5A1F428B5}
	EndGlobalSection
	GlobalSection(ExtensibilityGlobals) = postSolution
		EnterpriseLibraryConfigurationToolBinariesPath = packages\Unity.2.1.505.0\lib\NET35;packages\Unity.2.1.505.2\lib\NET35
		SolutionGuid = {0B6D850A-770A-41EE-A3C1-5B99F6A4D840}
	EndGlobalSection
EndGlobal
