
Microsoft Visual Studio Solution File, Format Version 12.00
# Visual Studio Version 17
VisualStudioVersion = 17.14.36401.2
MinimumVisualStudioVersion = 10.0.40219.1
Project("{FAE04EC0-301F-11D3-BF4B-00C04F79EFBC}") = "POL.Lib.Utils", "POL.Lib.Utils\POL.Lib.Utils.csproj", "{73D646DC-4C9E-4E54-8660-08581B74C693}"
	ProjectSection(ProjectDependencies) = postProject
		{BBBCAF6E-DFA0-4484-9807-789F5C4990C8} = {BBBCAF6E-DFA0-4484-9807-789F5C4990C8}
	EndProjectSection
EndProject
Project("{FAE04EC0-301F-11D3-BF4B-00C04F79EFBC}") = "POL.Lib.Interfaces", "POL.Lib.Interfaces\POL.Lib.Interfaces.csproj", "{BBBCAF6E-DFA0-4484-9807-789F5C4990C8}"
EndProject
Project("{FAE04EC0-301F-11D3-BF4B-00C04F79EFBC}") = "POL.Lib.XOffice", "POL.Lib.P30Office\POL.Lib.XOffice.csproj", "{6198D4B4-C334-4339-BF09-3031410D1901}"
EndProject
Project("{FAE04EC0-301F-11D3-BF4B-00C04F79EFBC}") = "POL.Lib.Prism", "POL.Lib.Prism\POL.Lib.Prism.csproj", "{77EA0A71-6CBB-4B70-9D6A-BDB8E137A038}"
	ProjectSection(ProjectDependencies) = postProject
		{BBBCAF6E-DFA0-4484-9807-789F5C4990C8} = {BBBCAF6E-DFA0-4484-9807-789F5C4990C8}
	EndProjectSection
EndProject
Project("{FAE04EC0-301F-11D3-BF4B-00C04F79EFBC}") = "POL.WPF.Controles", "POL.WPF.Controles\POL.WPF.Controles.csproj", "{78776BCC-CAAF-4140-8375-0C3AD8CB060F}"
EndProject
Project("{FAE04EC0-301F-11D3-BF4B-00C04F79EFBC}") = "POL.Lib.Resources", "POL.Lib.Resources\POL.Lib.Resources.csproj", "{7A1CE952-EB1C-483C-97EC-3EC2CEBA1582}"
EndProject
Project("{2150E333-8FDC-42A3-9474-1A3956D46DE8}") = "Lib", "Lib", "{85B1A702-81F7-494A-A1E8-79A20CA57676}"
EndProject
Project("{2150E333-8FDC-42A3-9474-1A3956D46DE8}") = "WPF", "WPF", "{78EFB974-D159-4546-9217-6345D2D8EF5E}"
EndProject
Project("{2150E333-8FDC-42A3-9474-1A3956D46DE8}") = "DB", "DB", "{A8454D2C-7B11-49FA-847B-583749793A88}"
EndProject
Project("{FAE04EC0-301F-11D3-BF4B-00C04F79EFBC}") = "POL.DB.Root", "POL.DB.Root\POL.DB.Root.csproj", "{D58F23A7-A7E5-482B-AB63-8A0AD4DB48D1}"
EndProject
Project("{FAE04EC0-301F-11D3-BF4B-00C04F79EFBC}") = "POL.DB.Membership", "POL.DB.Membership\POL.DB.Membership.csproj", "{0EEA7939-A2C6-4C21-AA80-C434E9B16595}"
EndProject
Project("{FAE04EC0-301F-11D3-BF4B-00C04F79EFBC}") = "POL.DB.General", "POL.DB.General\POL.DB.General.csproj", "{CC6C9747-809D-4650-8041-CF430EF5196A}"
EndProject
Project("{FAE04EC0-301F-11D3-BF4B-00C04F79EFBC}") = "POL.WPF.DXControls", "POL.WPF.DXControls\POL.WPF.DXControls.csproj", "{D63F740B-BC0D-4E56-88C0-29B9C6224FF6}"
EndProject
Project("{FAE04EC0-301F-11D3-BF4B-00C04F79EFBC}") = "POL.DB.P30Office", "POL.DB.P30Office\POL.DB.P30Office.csproj", "{BD5E7EF1-9BEB-4B22-90BA-662D813337DF}"
EndProject
Project("{FAE04EC0-301F-11D3-BF4B-00C04F79EFBC}") = "POL.Lib.Common", "POL.Lib.Common\POL.Lib.Common.csproj", "{09107088-5C29-4EDD-9EF5-3D121944F735}"
EndProject
Project("{FAE04EC0-301F-11D3-BF4B-00C04F79EFBC}") = "cleaner", "cleaner\cleaner.csproj", "{EA30B615-C78B-4287-9DF4-CE4BAE5EB27A}"
EndProject
Global
	GlobalSection(SolutionConfigurationPlatforms) = preSolution
		Debug|Any CPU = Debug|Any CPU
		iChista|Any CPU = iChista|Any CPU
		ictcrm24|Any CPU = ictcrm24|Any CPU
		RahyarModyran|Any CPU = RahyarModyran|Any CPU
		Release|Any CPU = Release|Any CPU
		SahbaCRM|Any CPU = SahbaCRM|Any CPU
		YaraOffice|Any CPU = YaraOffice|Any CPU
	EndGlobalSection
	GlobalSection(ProjectConfigurationPlatforms) = postSolution
		{73D646DC-4C9E-4E54-8660-08581B74C693}.Debug|Any CPU.ActiveCfg = Debug|Any CPU
		{73D646DC-4C9E-4E54-8660-08581B74C693}.Debug|Any CPU.Build.0 = Debug|Any CPU
		{73D646DC-4C9E-4E54-8660-08581B74C693}.iChista|Any CPU.ActiveCfg = iChista|Any CPU
		{73D646DC-4C9E-4E54-8660-08581B74C693}.iChista|Any CPU.Build.0 = iChista|Any CPU
		{73D646DC-4C9E-4E54-8660-08581B74C693}.ictcrm24|Any CPU.ActiveCfg = ictcrm24|Any CPU
		{73D646DC-4C9E-4E54-8660-08581B74C693}.ictcrm24|Any CPU.Build.0 = ictcrm24|Any CPU
		{73D646DC-4C9E-4E54-8660-08581B74C693}.RahyarModyran|Any CPU.ActiveCfg = RahyarModyran|Any CPU
		{73D646DC-4C9E-4E54-8660-08581B74C693}.RahyarModyran|Any CPU.Build.0 = RahyarModyran|Any CPU
		{73D646DC-4C9E-4E54-8660-08581B74C693}.Release|Any CPU.ActiveCfg = Release|Any CPU
		{73D646DC-4C9E-4E54-8660-08581B74C693}.Release|Any CPU.Build.0 = Release|Any CPU
		{73D646DC-4C9E-4E54-8660-08581B74C693}.SahbaCRM|Any CPU.ActiveCfg = SahbaCRM|Any CPU
		{73D646DC-4C9E-4E54-8660-08581B74C693}.SahbaCRM|Any CPU.Build.0 = SahbaCRM|Any CPU
		{73D646DC-4C9E-4E54-8660-08581B74C693}.YaraOffice|Any CPU.ActiveCfg = YaraOffice|Any CPU
		{73D646DC-4C9E-4E54-8660-08581B74C693}.YaraOffice|Any CPU.Build.0 = YaraOffice|Any CPU
		{BBBCAF6E-DFA0-4484-9807-789F5C4990C8}.Debug|Any CPU.ActiveCfg = Debug|Any CPU
		{BBBCAF6E-DFA0-4484-9807-789F5C4990C8}.Debug|Any CPU.Build.0 = Debug|Any CPU
		{BBBCAF6E-DFA0-4484-9807-789F5C4990C8}.iChista|Any CPU.ActiveCfg = iChista|Any CPU
		{BBBCAF6E-DFA0-4484-9807-789F5C4990C8}.iChista|Any CPU.Build.0 = iChista|Any CPU
		{BBBCAF6E-DFA0-4484-9807-789F5C4990C8}.ictcrm24|Any CPU.ActiveCfg = ictcrm24|Any CPU
		{BBBCAF6E-DFA0-4484-9807-789F5C4990C8}.ictcrm24|Any CPU.Build.0 = ictcrm24|Any CPU
		{BBBCAF6E-DFA0-4484-9807-789F5C4990C8}.RahyarModyran|Any CPU.ActiveCfg = RahyarModyran|Any CPU
		{BBBCAF6E-DFA0-4484-9807-789F5C4990C8}.RahyarModyran|Any CPU.Build.0 = RahyarModyran|Any CPU
		{BBBCAF6E-DFA0-4484-9807-789F5C4990C8}.Release|Any CPU.ActiveCfg = Release|Any CPU
		{BBBCAF6E-DFA0-4484-9807-789F5C4990C8}.Release|Any CPU.Build.0 = Release|Any CPU
		{BBBCAF6E-DFA0-4484-9807-789F5C4990C8}.SahbaCRM|Any CPU.ActiveCfg = SahbaCRM|Any CPU
		{BBBCAF6E-DFA0-4484-9807-789F5C4990C8}.SahbaCRM|Any CPU.Build.0 = SahbaCRM|Any CPU
		{BBBCAF6E-DFA0-4484-9807-789F5C4990C8}.YaraOffice|Any CPU.ActiveCfg = YaraOffice|Any CPU
		{BBBCAF6E-DFA0-4484-9807-789F5C4990C8}.YaraOffice|Any CPU.Build.0 = YaraOffice|Any CPU
		{6198D4B4-C334-4339-BF09-3031410D1901}.Debug|Any CPU.ActiveCfg = Debug|Any CPU
		{6198D4B4-C334-4339-BF09-3031410D1901}.Debug|Any CPU.Build.0 = Debug|Any CPU
		{6198D4B4-C334-4339-BF09-3031410D1901}.iChista|Any CPU.ActiveCfg = iChista|Any CPU
		{6198D4B4-C334-4339-BF09-3031410D1901}.iChista|Any CPU.Build.0 = iChista|Any CPU
		{6198D4B4-C334-4339-BF09-3031410D1901}.ictcrm24|Any CPU.ActiveCfg = ictcrm24|Any CPU
		{6198D4B4-C334-4339-BF09-3031410D1901}.ictcrm24|Any CPU.Build.0 = ictcrm24|Any CPU
		{6198D4B4-C334-4339-BF09-3031410D1901}.RahyarModyran|Any CPU.ActiveCfg = RahyarModyran|Any CPU
		{6198D4B4-C334-4339-BF09-3031410D1901}.RahyarModyran|Any CPU.Build.0 = RahyarModyran|Any CPU
		{6198D4B4-C334-4339-BF09-3031410D1901}.Release|Any CPU.ActiveCfg = Release|Any CPU
		{6198D4B4-C334-4339-BF09-3031410D1901}.Release|Any CPU.Build.0 = Release|Any CPU
		{6198D4B4-C334-4339-BF09-3031410D1901}.SahbaCRM|Any CPU.ActiveCfg = SahbaCRM|Any CPU
		{6198D4B4-C334-4339-BF09-3031410D1901}.SahbaCRM|Any CPU.Build.0 = SahbaCRM|Any CPU
		{6198D4B4-C334-4339-BF09-3031410D1901}.YaraOffice|Any CPU.ActiveCfg = YaraOffice|Any CPU
		{6198D4B4-C334-4339-BF09-3031410D1901}.YaraOffice|Any CPU.Build.0 = YaraOffice|Any CPU
		{77EA0A71-6CBB-4B70-9D6A-BDB8E137A038}.Debug|Any CPU.ActiveCfg = Debug|Any CPU
		{77EA0A71-6CBB-4B70-9D6A-BDB8E137A038}.Debug|Any CPU.Build.0 = Debug|Any CPU
		{77EA0A71-6CBB-4B70-9D6A-BDB8E137A038}.iChista|Any CPU.ActiveCfg = iChista|Any CPU
		{77EA0A71-6CBB-4B70-9D6A-BDB8E137A038}.iChista|Any CPU.Build.0 = iChista|Any CPU
		{77EA0A71-6CBB-4B70-9D6A-BDB8E137A038}.ictcrm24|Any CPU.ActiveCfg = ictcrm24|Any CPU
		{77EA0A71-6CBB-4B70-9D6A-BDB8E137A038}.ictcrm24|Any CPU.Build.0 = ictcrm24|Any CPU
		{77EA0A71-6CBB-4B70-9D6A-BDB8E137A038}.RahyarModyran|Any CPU.ActiveCfg = RahyarModyran|Any CPU
		{77EA0A71-6CBB-4B70-9D6A-BDB8E137A038}.RahyarModyran|Any CPU.Build.0 = RahyarModyran|Any CPU
		{77EA0A71-6CBB-4B70-9D6A-BDB8E137A038}.Release|Any CPU.ActiveCfg = Release|Any CPU
		{77EA0A71-6CBB-4B70-9D6A-BDB8E137A038}.Release|Any CPU.Build.0 = Release|Any CPU
		{77EA0A71-6CBB-4B70-9D6A-BDB8E137A038}.SahbaCRM|Any CPU.ActiveCfg = SahbaCRM|Any CPU
		{77EA0A71-6CBB-4B70-9D6A-BDB8E137A038}.SahbaCRM|Any CPU.Build.0 = SahbaCRM|Any CPU
		{77EA0A71-6CBB-4B70-9D6A-BDB8E137A038}.YaraOffice|Any CPU.ActiveCfg = YaraOffice|Any CPU
		{77EA0A71-6CBB-4B70-9D6A-BDB8E137A038}.YaraOffice|Any CPU.Build.0 = YaraOffice|Any CPU
		{78776BCC-CAAF-4140-8375-0C3AD8CB060F}.Debug|Any CPU.ActiveCfg = Debug|Any CPU
		{78776BCC-CAAF-4140-8375-0C3AD8CB060F}.Debug|Any CPU.Build.0 = Debug|Any CPU
		{78776BCC-CAAF-4140-8375-0C3AD8CB060F}.iChista|Any CPU.ActiveCfg = iChista|Any CPU
		{78776BCC-CAAF-4140-8375-0C3AD8CB060F}.iChista|Any CPU.Build.0 = iChista|Any CPU
		{78776BCC-CAAF-4140-8375-0C3AD8CB060F}.ictcrm24|Any CPU.ActiveCfg = ictcrm24|Any CPU
		{78776BCC-CAAF-4140-8375-0C3AD8CB060F}.ictcrm24|Any CPU.Build.0 = ictcrm24|Any CPU
		{78776BCC-CAAF-4140-8375-0C3AD8CB060F}.RahyarModyran|Any CPU.ActiveCfg = RahyarModyran|Any CPU
		{78776BCC-CAAF-4140-8375-0C3AD8CB060F}.RahyarModyran|Any CPU.Build.0 = RahyarModyran|Any CPU
		{78776BCC-CAAF-4140-8375-0C3AD8CB060F}.Release|Any CPU.ActiveCfg = Release|Any CPU
		{78776BCC-CAAF-4140-8375-0C3AD8CB060F}.Release|Any CPU.Build.0 = Release|Any CPU
		{78776BCC-CAAF-4140-8375-0C3AD8CB060F}.SahbaCRM|Any CPU.ActiveCfg = SahbaCRM|Any CPU
		{78776BCC-CAAF-4140-8375-0C3AD8CB060F}.SahbaCRM|Any CPU.Build.0 = SahbaCRM|Any CPU
		{78776BCC-CAAF-4140-8375-0C3AD8CB060F}.YaraOffice|Any CPU.ActiveCfg = YaraOffice|Any CPU
		{78776BCC-CAAF-4140-8375-0C3AD8CB060F}.YaraOffice|Any CPU.Build.0 = YaraOffice|Any CPU
		{7A1CE952-EB1C-483C-97EC-3EC2CEBA1582}.Debug|Any CPU.ActiveCfg = Debug|Any CPU
		{7A1CE952-EB1C-483C-97EC-3EC2CEBA1582}.Debug|Any CPU.Build.0 = Debug|Any CPU
		{7A1CE952-EB1C-483C-97EC-3EC2CEBA1582}.iChista|Any CPU.ActiveCfg = iChista|Any CPU
		{7A1CE952-EB1C-483C-97EC-3EC2CEBA1582}.iChista|Any CPU.Build.0 = iChista|Any CPU
		{7A1CE952-EB1C-483C-97EC-3EC2CEBA1582}.ictcrm24|Any CPU.ActiveCfg = ictcrm24|Any CPU
		{7A1CE952-EB1C-483C-97EC-3EC2CEBA1582}.ictcrm24|Any CPU.Build.0 = ictcrm24|Any CPU
		{7A1CE952-EB1C-483C-97EC-3EC2CEBA1582}.RahyarModyran|Any CPU.ActiveCfg = RahyarModyran|Any CPU
		{7A1CE952-EB1C-483C-97EC-3EC2CEBA1582}.RahyarModyran|Any CPU.Build.0 = RahyarModyran|Any CPU
		{7A1CE952-EB1C-483C-97EC-3EC2CEBA1582}.Release|Any CPU.ActiveCfg = Release|Any CPU
		{7A1CE952-EB1C-483C-97EC-3EC2CEBA1582}.Release|Any CPU.Build.0 = Release|Any CPU
		{7A1CE952-EB1C-483C-97EC-3EC2CEBA1582}.SahbaCRM|Any CPU.ActiveCfg = SahbaCRM|Any CPU
		{7A1CE952-EB1C-483C-97EC-3EC2CEBA1582}.SahbaCRM|Any CPU.Build.0 = SahbaCRM|Any CPU
		{7A1CE952-EB1C-483C-97EC-3EC2CEBA1582}.YaraOffice|Any CPU.ActiveCfg = YaraOffice|Any CPU
		{7A1CE952-EB1C-483C-97EC-3EC2CEBA1582}.YaraOffice|Any CPU.Build.0 = YaraOffice|Any CPU
		{D58F23A7-A7E5-482B-AB63-8A0AD4DB48D1}.Debug|Any CPU.ActiveCfg = Debug|Any CPU
		{D58F23A7-A7E5-482B-AB63-8A0AD4DB48D1}.Debug|Any CPU.Build.0 = Debug|Any CPU
		{D58F23A7-A7E5-482B-AB63-8A0AD4DB48D1}.iChista|Any CPU.ActiveCfg = iChista|Any CPU
		{D58F23A7-A7E5-482B-AB63-8A0AD4DB48D1}.iChista|Any CPU.Build.0 = iChista|Any CPU
		{D58F23A7-A7E5-482B-AB63-8A0AD4DB48D1}.ictcrm24|Any CPU.ActiveCfg = ictcrm24|Any CPU
		{D58F23A7-A7E5-482B-AB63-8A0AD4DB48D1}.ictcrm24|Any CPU.Build.0 = ictcrm24|Any CPU
		{D58F23A7-A7E5-482B-AB63-8A0AD4DB48D1}.RahyarModyran|Any CPU.ActiveCfg = RahyarModyran|Any CPU
		{D58F23A7-A7E5-482B-AB63-8A0AD4DB48D1}.RahyarModyran|Any CPU.Build.0 = RahyarModyran|Any CPU
		{D58F23A7-A7E5-482B-AB63-8A0AD4DB48D1}.Release|Any CPU.ActiveCfg = Release|Any CPU
		{D58F23A7-A7E5-482B-AB63-8A0AD4DB48D1}.Release|Any CPU.Build.0 = Release|Any CPU
		{D58F23A7-A7E5-482B-AB63-8A0AD4DB48D1}.SahbaCRM|Any CPU.ActiveCfg = SahbaCRM|Any CPU
		{D58F23A7-A7E5-482B-AB63-8A0AD4DB48D1}.SahbaCRM|Any CPU.Build.0 = SahbaCRM|Any CPU
		{D58F23A7-A7E5-482B-AB63-8A0AD4DB48D1}.YaraOffice|Any CPU.ActiveCfg = YaraOffice|Any CPU
		{D58F23A7-A7E5-482B-AB63-8A0AD4DB48D1}.YaraOffice|Any CPU.Build.0 = YaraOffice|Any CPU
		{0EEA7939-A2C6-4C21-AA80-C434E9B16595}.Debug|Any CPU.ActiveCfg = Debug|Any CPU
		{0EEA7939-A2C6-4C21-AA80-C434E9B16595}.Debug|Any CPU.Build.0 = Debug|Any CPU
		{0EEA7939-A2C6-4C21-AA80-C434E9B16595}.iChista|Any CPU.ActiveCfg = iChista|Any CPU
		{0EEA7939-A2C6-4C21-AA80-C434E9B16595}.iChista|Any CPU.Build.0 = iChista|Any CPU
		{0EEA7939-A2C6-4C21-AA80-C434E9B16595}.ictcrm24|Any CPU.ActiveCfg = ictcrm24|Any CPU
		{0EEA7939-A2C6-4C21-AA80-C434E9B16595}.ictcrm24|Any CPU.Build.0 = ictcrm24|Any CPU
		{0EEA7939-A2C6-4C21-AA80-C434E9B16595}.RahyarModyran|Any CPU.ActiveCfg = RahyarModyran|Any CPU
		{0EEA7939-A2C6-4C21-AA80-C434E9B16595}.RahyarModyran|Any CPU.Build.0 = RahyarModyran|Any CPU
		{0EEA7939-A2C6-4C21-AA80-C434E9B16595}.Release|Any CPU.ActiveCfg = Release|Any CPU
		{0EEA7939-A2C6-4C21-AA80-C434E9B16595}.Release|Any CPU.Build.0 = Release|Any CPU
		{0EEA7939-A2C6-4C21-AA80-C434E9B16595}.SahbaCRM|Any CPU.ActiveCfg = SahbaCRM|Any CPU
		{0EEA7939-A2C6-4C21-AA80-C434E9B16595}.SahbaCRM|Any CPU.Build.0 = SahbaCRM|Any CPU
		{0EEA7939-A2C6-4C21-AA80-C434E9B16595}.YaraOffice|Any CPU.ActiveCfg = YaraOffice|Any CPU
		{0EEA7939-A2C6-4C21-AA80-C434E9B16595}.YaraOffice|Any CPU.Build.0 = YaraOffice|Any CPU
		{CC6C9747-809D-4650-8041-CF430EF5196A}.Debug|Any CPU.ActiveCfg = Debug|Any CPU
		{CC6C9747-809D-4650-8041-CF430EF5196A}.Debug|Any CPU.Build.0 = Debug|Any CPU
		{CC6C9747-809D-4650-8041-CF430EF5196A}.iChista|Any CPU.ActiveCfg = iChista|Any CPU
		{CC6C9747-809D-4650-8041-CF430EF5196A}.iChista|Any CPU.Build.0 = iChista|Any CPU
		{CC6C9747-809D-4650-8041-CF430EF5196A}.ictcrm24|Any CPU.ActiveCfg = ictcrm24|Any CPU
		{CC6C9747-809D-4650-8041-CF430EF5196A}.ictcrm24|Any CPU.Build.0 = ictcrm24|Any CPU
		{CC6C9747-809D-4650-8041-CF430EF5196A}.RahyarModyran|Any CPU.ActiveCfg = RahyarModyran|Any CPU
		{CC6C9747-809D-4650-8041-CF430EF5196A}.RahyarModyran|Any CPU.Build.0 = RahyarModyran|Any CPU
		{CC6C9747-809D-4650-8041-CF430EF5196A}.Release|Any CPU.ActiveCfg = Release|Any CPU
		{CC6C9747-809D-4650-8041-CF430EF5196A}.Release|Any CPU.Build.0 = Release|Any CPU
		{CC6C9747-809D-4650-8041-CF430EF5196A}.SahbaCRM|Any CPU.ActiveCfg = SahbaCRM|Any CPU
		{CC6C9747-809D-4650-8041-CF430EF5196A}.SahbaCRM|Any CPU.Build.0 = SahbaCRM|Any CPU
		{CC6C9747-809D-4650-8041-CF430EF5196A}.YaraOffice|Any CPU.ActiveCfg = YaraOffice|Any CPU
		{CC6C9747-809D-4650-8041-CF430EF5196A}.YaraOffice|Any CPU.Build.0 = YaraOffice|Any CPU
		{D63F740B-BC0D-4E56-88C0-29B9C6224FF6}.Debug|Any CPU.ActiveCfg = Debug|Any CPU
		{D63F740B-BC0D-4E56-88C0-29B9C6224FF6}.Debug|Any CPU.Build.0 = Debug|Any CPU
		{D63F740B-BC0D-4E56-88C0-29B9C6224FF6}.iChista|Any CPU.ActiveCfg = iChista|Any CPU
		{D63F740B-BC0D-4E56-88C0-29B9C6224FF6}.iChista|Any CPU.Build.0 = iChista|Any CPU
		{D63F740B-BC0D-4E56-88C0-29B9C6224FF6}.ictcrm24|Any CPU.ActiveCfg = ictcrm24|Any CPU
		{D63F740B-BC0D-4E56-88C0-29B9C6224FF6}.ictcrm24|Any CPU.Build.0 = ictcrm24|Any CPU
		{D63F740B-BC0D-4E56-88C0-29B9C6224FF6}.RahyarModyran|Any CPU.ActiveCfg = RahyarModyran|Any CPU
		{D63F740B-BC0D-4E56-88C0-29B9C6224FF6}.RahyarModyran|Any CPU.Build.0 = RahyarModyran|Any CPU
		{D63F740B-BC0D-4E56-88C0-29B9C6224FF6}.Release|Any CPU.ActiveCfg = Release|Any CPU
		{D63F740B-BC0D-4E56-88C0-29B9C6224FF6}.Release|Any CPU.Build.0 = Release|Any CPU
		{D63F740B-BC0D-4E56-88C0-29B9C6224FF6}.SahbaCRM|Any CPU.ActiveCfg = SahbaCRM|Any CPU
		{D63F740B-BC0D-4E56-88C0-29B9C6224FF6}.SahbaCRM|Any CPU.Build.0 = SahbaCRM|Any CPU
		{D63F740B-BC0D-4E56-88C0-29B9C6224FF6}.YaraOffice|Any CPU.ActiveCfg = YaraOffice|Any CPU
		{D63F740B-BC0D-4E56-88C0-29B9C6224FF6}.YaraOffice|Any CPU.Build.0 = YaraOffice|Any CPU
		{BD5E7EF1-9BEB-4B22-90BA-662D813337DF}.Debug|Any CPU.ActiveCfg = Debug|Any CPU
		{BD5E7EF1-9BEB-4B22-90BA-662D813337DF}.Debug|Any CPU.Build.0 = Debug|Any CPU
		{BD5E7EF1-9BEB-4B22-90BA-662D813337DF}.iChista|Any CPU.ActiveCfg = iChista|Any CPU
		{BD5E7EF1-9BEB-4B22-90BA-662D813337DF}.iChista|Any CPU.Build.0 = iChista|Any CPU
		{BD5E7EF1-9BEB-4B22-90BA-662D813337DF}.ictcrm24|Any CPU.ActiveCfg = ictcrm24|Any CPU
		{BD5E7EF1-9BEB-4B22-90BA-662D813337DF}.ictcrm24|Any CPU.Build.0 = ictcrm24|Any CPU
		{BD5E7EF1-9BEB-4B22-90BA-662D813337DF}.RahyarModyran|Any CPU.ActiveCfg = RahyarModyran|Any CPU
		{BD5E7EF1-9BEB-4B22-90BA-662D813337DF}.RahyarModyran|Any CPU.Build.0 = RahyarModyran|Any CPU
		{BD5E7EF1-9BEB-4B22-90BA-662D813337DF}.Release|Any CPU.ActiveCfg = Release|Any CPU
		{BD5E7EF1-9BEB-4B22-90BA-662D813337DF}.Release|Any CPU.Build.0 = Release|Any CPU
		{BD5E7EF1-9BEB-4B22-90BA-662D813337DF}.SahbaCRM|Any CPU.ActiveCfg = SahbaCRM|Any CPU
		{BD5E7EF1-9BEB-4B22-90BA-662D813337DF}.SahbaCRM|Any CPU.Build.0 = SahbaCRM|Any CPU
		{BD5E7EF1-9BEB-4B22-90BA-662D813337DF}.YaraOffice|Any CPU.ActiveCfg = YaraOffice|Any CPU
		{BD5E7EF1-9BEB-4B22-90BA-662D813337DF}.YaraOffice|Any CPU.Build.0 = YaraOffice|Any CPU
		{09107088-5C29-4EDD-9EF5-3D121944F735}.Debug|Any CPU.ActiveCfg = Debug|Any CPU
		{09107088-5C29-4EDD-9EF5-3D121944F735}.Debug|Any CPU.Build.0 = Debug|Any CPU
		{09107088-5C29-4EDD-9EF5-3D121944F735}.iChista|Any CPU.ActiveCfg = iChista|Any CPU
		{09107088-5C29-4EDD-9EF5-3D121944F735}.iChista|Any CPU.Build.0 = iChista|Any CPU
		{09107088-5C29-4EDD-9EF5-3D121944F735}.ictcrm24|Any CPU.ActiveCfg = ictcrm24|Any CPU
		{09107088-5C29-4EDD-9EF5-3D121944F735}.ictcrm24|Any CPU.Build.0 = ictcrm24|Any CPU
		{09107088-5C29-4EDD-9EF5-3D121944F735}.RahyarModyran|Any CPU.ActiveCfg = RahyarModyran|Any CPU
		{09107088-5C29-4EDD-9EF5-3D121944F735}.RahyarModyran|Any CPU.Build.0 = RahyarModyran|Any CPU
		{09107088-5C29-4EDD-9EF5-3D121944F735}.Release|Any CPU.ActiveCfg = Release|Any CPU
		{09107088-5C29-4EDD-9EF5-3D121944F735}.Release|Any CPU.Build.0 = Release|Any CPU
		{09107088-5C29-4EDD-9EF5-3D121944F735}.SahbaCRM|Any CPU.ActiveCfg = SahbaCRM|Any CPU
		{09107088-5C29-4EDD-9EF5-3D121944F735}.SahbaCRM|Any CPU.Build.0 = SahbaCRM|Any CPU
		{09107088-5C29-4EDD-9EF5-3D121944F735}.YaraOffice|Any CPU.ActiveCfg = YaraOffice|Any CPU
		{09107088-5C29-4EDD-9EF5-3D121944F735}.YaraOffice|Any CPU.Build.0 = YaraOffice|Any CPU
		{EA30B615-C78B-4287-9DF4-CE4BAE5EB27A}.Debug|Any CPU.ActiveCfg = Debug|Any CPU
		{EA30B615-C78B-4287-9DF4-CE4BAE5EB27A}.Debug|Any CPU.Build.0 = Debug|Any CPU
		{EA30B615-C78B-4287-9DF4-CE4BAE5EB27A}.iChista|Any CPU.ActiveCfg = Release|Any CPU
		{EA30B615-C78B-4287-9DF4-CE4BAE5EB27A}.iChista|Any CPU.Build.0 = Release|Any CPU
		{EA30B615-C78B-4287-9DF4-CE4BAE5EB27A}.ictcrm24|Any CPU.ActiveCfg = Release|Any CPU
		{EA30B615-C78B-4287-9DF4-CE4BAE5EB27A}.ictcrm24|Any CPU.Build.0 = Release|Any CPU
		{EA30B615-C78B-4287-9DF4-CE4BAE5EB27A}.RahyarModyran|Any CPU.ActiveCfg = Debug|Any CPU
		{EA30B615-C78B-4287-9DF4-CE4BAE5EB27A}.RahyarModyran|Any CPU.Build.0 = Debug|Any CPU
		{EA30B615-C78B-4287-9DF4-CE4BAE5EB27A}.Release|Any CPU.ActiveCfg = Release|Any CPU
		{EA30B615-C78B-4287-9DF4-CE4BAE5EB27A}.Release|Any CPU.Build.0 = Release|Any CPU
		{EA30B615-C78B-4287-9DF4-CE4BAE5EB27A}.SahbaCRM|Any CPU.ActiveCfg = Debug|Any CPU
		{EA30B615-C78B-4287-9DF4-CE4BAE5EB27A}.SahbaCRM|Any CPU.Build.0 = Debug|Any CPU
		{EA30B615-C78B-4287-9DF4-CE4BAE5EB27A}.YaraOffice|Any CPU.ActiveCfg = Release|Any CPU
		{EA30B615-C78B-4287-9DF4-CE4BAE5EB27A}.YaraOffice|Any CPU.Build.0 = Release|Any CPU
	EndGlobalSection
	GlobalSection(SolutionProperties) = preSolution
		HideSolutionNode = FALSE
	EndGlobalSection
	GlobalSection(NestedProjects) = preSolution
		{73D646DC-4C9E-4E54-8660-08581B74C693} = {85B1A702-81F7-494A-A1E8-79A20CA57676}
		{BBBCAF6E-DFA0-4484-9807-789F5C4990C8} = {85B1A702-81F7-494A-A1E8-79A20CA57676}
		{6198D4B4-C334-4339-BF09-3031410D1901} = {85B1A702-81F7-494A-A1E8-79A20CA57676}
		{77EA0A71-6CBB-4B70-9D6A-BDB8E137A038} = {85B1A702-81F7-494A-A1E8-79A20CA57676}
		{78776BCC-CAAF-4140-8375-0C3AD8CB060F} = {78EFB974-D159-4546-9217-6345D2D8EF5E}
		{7A1CE952-EB1C-483C-97EC-3EC2CEBA1582} = {85B1A702-81F7-494A-A1E8-79A20CA57676}
		{D58F23A7-A7E5-482B-AB63-8A0AD4DB48D1} = {A8454D2C-7B11-49FA-847B-583749793A88}
		{0EEA7939-A2C6-4C21-AA80-C434E9B16595} = {A8454D2C-7B11-49FA-847B-583749793A88}
		{CC6C9747-809D-4650-8041-CF430EF5196A} = {A8454D2C-7B11-49FA-847B-583749793A88}
		{D63F740B-BC0D-4E56-88C0-29B9C6224FF6} = {78EFB974-D159-4546-9217-6345D2D8EF5E}
		{BD5E7EF1-9BEB-4B22-90BA-662D813337DF} = {A8454D2C-7B11-49FA-847B-583749793A88}
		{09107088-5C29-4EDD-9EF5-3D121944F735} = {85B1A702-81F7-494A-A1E8-79A20CA57676}
	EndGlobalSection
	GlobalSection(ExtensibilityGlobals) = postSolution
		EnterpriseLibraryConfigurationToolBinariesPath = packages\Unity.2.1.505.2\lib\NET35;packages\Unity.2.1.505.0\lib\NET35
		SolutionGuid = {E3F2D358-25D9-4034-B3E6-28E8059BC495}
	EndGlobalSection
EndGlobal
